// !$*UTF8*$!
{
	archiveVersion = 1;
	classes = {
	};
	objectVersion = 55;
	objects = {

/* Begin PBXBuildFile section */
		520EAA870A70F7F09AC22742 /* Pods_playersMeet_playersMeetUITests.framework in Frameworks */ = {isa = PBXBuildFile; fileRef = E33F03D03A4A3E4C73F1444C /* Pods_playersMeet_playersMeetUITests.framework */; };
		6A4B0F452460871D002F0882 /* TeamChatViewController.swift in Sources */ = {isa = PBXBuildFile; fileRef = 6A4B0F442460871D002F0882 /* TeamChatViewController.swift */; };
		6A4B0F472460872F002F0882 /* MessageCell.swift in Sources */ = {isa = PBXBuildFile; fileRef = 6A4B0F462460872F002F0882 /* MessageCell.swift */; };
		788B7239C0150BDFEC028C27 /* Pods_playersMeetTests.framework in Frameworks */ = {isa = PBXBuildFile; fileRef = 78E29BC9BB90B9BB04C4C1FB /* Pods_playersMeetTests.framework */; };
		A2FFDA7DE0878E3E946125B5 /* Pods_playersMeet.framework in Frameworks */ = {isa = PBXBuildFile; fileRef = 235A6C10CBDFBF649BCA34E0 /* Pods_playersMeet.framework */; };
		DB80848E245687B800177175 /* SignUpViewController.swift in Sources */ = {isa = PBXBuildFile; fileRef = DB80848D245687B800177175 /* SignUpViewController.swift */; };
		DB8084902456A06100177175 /* HomeViewController.swift in Sources */ = {isa = PBXBuildFile; fileRef = DB80848F2456A06100177175 /* HomeViewController.swift */; };
		E005B35024648AE10034DD7C /* 4414-bouncy-basketball.json in Resources */ = {isa = PBXBuildFile; fileRef = E005B34F24648AE10034DD7C /* 4414-bouncy-basketball.json */; };
		E0116CA6245A580900AF7F39 /* .gitignore in Resources */ = {isa = PBXBuildFile; fileRef = E0116CA5245A580900AF7F39 /* .gitignore */; };
		E01187A4274ECC9800D84768 /* UserLocationProvider.swift in Sources */ = {isa = PBXBuildFile; fileRef = E01187A3274ECC9800D84768 /* UserLocationProvider.swift */; };
		E01187AA274EEEEB00D84768 /* UserLocationError.swift in Sources */ = {isa = PBXBuildFile; fileRef = E01187A9274EEEEB00D84768 /* UserLocationError.swift */; };
		E01187AC274F876200D84768 /* LocationProvider.swift in Sources */ = {isa = PBXBuildFile; fileRef = E01187AB274F876200D84768 /* LocationProvider.swift */; };
		E01D6EA22752E660007C2EF6 /* Formatter.swift in Sources */ = {isa = PBXBuildFile; fileRef = E01D6EA12752E660007C2EF6 /* Formatter.swift */; };
		E04350BC2744BEDF000EF6D9 /* APIKeys.swift in Sources */ = {isa = PBXBuildFile; fileRef = E04350BB2744BEDF000EF6D9 /* APIKeys.swift */; };
		E0554F47274084A700B602C4 /* UIColor+Extensions.swift in Sources */ = {isa = PBXBuildFile; fileRef = E0554F46274084A700B602C4 /* UIColor+Extensions.swift */; };
		E0554F492740851200B602C4 /* CGFloat+Extensions.swift in Sources */ = {isa = PBXBuildFile; fileRef = E0554F482740851200B602C4 /* CGFloat+Extensions.swift */; };
		E05CDE922785650B001B296E /* UserState.swift in Sources */ = {isa = PBXBuildFile; fileRef = E05CDE912785650B001B296E /* UserState.swift */; };
		E05F02912730C81300DDBE33 /* Navigation.swift in Sources */ = {isa = PBXBuildFile; fileRef = E05F02902730C81300DDBE33 /* Navigation.swift */; };
		E05F0295273110D200DDBE33 /* LottieAnimations.swift in Sources */ = {isa = PBXBuildFile; fileRef = E05F0294273110D200DDBE33 /* LottieAnimations.swift */; };
		E0623F23274CD6B300A0555C /* GoogleService-Info.plist in Resources */ = {isa = PBXBuildFile; fileRef = E0623F22274CD6B300A0555C /* GoogleService-Info.plist */; };
		E0648E522782E30D00BA3259 /* Coordinator.swift in Sources */ = {isa = PBXBuildFile; fileRef = E0648E512782E30D00BA3259 /* Coordinator.swift */; };
		E0648E542782E36500BA3259 /* AppCoordinator.swift in Sources */ = {isa = PBXBuildFile; fileRef = E0648E532782E36500BA3259 /* AppCoordinator.swift */; };
		E0788C49272E22930089197D /* ImageError.swift in Sources */ = {isa = PBXBuildFile; fileRef = E0788C48272E22930089197D /* ImageError.swift */; };
		E0788C4B272E3F440089197D /* AuthError.swift in Sources */ = {isa = PBXBuildFile; fileRef = E0788C4A272E3F440089197D /* AuthError.swift */; };
		E0788C4E272E8A440089197D /* DatabaseError.swift in Sources */ = {isa = PBXBuildFile; fileRef = E0788C4D272E8A440089197D /* DatabaseError.swift */; };
		E07996F6272CF34D0000D162 /* FirebaseAuthClient.swift in Sources */ = {isa = PBXBuildFile; fileRef = E07996F4272CF34D0000D162 /* FirebaseAuthClient.swift */; };
		E07996F7272CF34D0000D162 /* FirebaseDBClient.swift in Sources */ = {isa = PBXBuildFile; fileRef = E07996F5272CF34D0000D162 /* FirebaseDBClient.swift */; };
		E07996FD272CF44B0000D162 /* UIButton+Extensions.swift in Sources */ = {isa = PBXBuildFile; fileRef = E07996FC272CF44B0000D162 /* UIButton+Extensions.swift */; };
		E07996FE272CF44B0000D162 /* UIViewController+Alerts.swift in Sources */ = {isa = PBXBuildFile; fileRef = E07996FB272CF44A0000D162 /* UIViewController+Alerts.swift */; };
		E07996FF272CF44B0000D162 /* UITextField+Extensions.swift in Sources */ = {isa = PBXBuildFile; fileRef = E07996FA272CF44A0000D162 /* UITextField+Extensions.swift */; };
		E0799702272D02320000D162 /* FirebaseManager.swift in Sources */ = {isa = PBXBuildFile; fileRef = E0799701272D02320000D162 /* FirebaseManager.swift */; };
		E07FF7C5272DB00F00325763 /* UIImage+Extensions.swift in Sources */ = {isa = PBXBuildFile; fileRef = E07FF7C4272DB00F00325763 /* UIImage+Extensions.swift */; };
		E08D089727436EE200BCD24C /* UserLocationService.swift in Sources */ = {isa = PBXBuildFile; fileRef = E08D089627436EE200BCD24C /* UserLocationService.swift */; };
		E0B472992756CCA100887A96 /* ChatMessage.swift in Sources */ = {isa = PBXBuildFile; fileRef = E0B472982756CCA100887A96 /* ChatMessage.swift */; };
		E0B9C6D52786754600664CD6 /* SignUpCoordinator.swift in Sources */ = {isa = PBXBuildFile; fileRef = E0B9C6D42786754600664CD6 /* SignUpCoordinator.swift */; };
		E0B9C6D72786788C00664CD6 /* TabBarCoordinator.swift in Sources */ = {isa = PBXBuildFile; fileRef = E0B9C6D62786788C00664CD6 /* TabBarCoordinator.swift */; };
		E0C0254B245F8CC200950223 /* User.swift in Sources */ = {isa = PBXBuildFile; fileRef = E0C0254A245F8CC200950223 /* User.swift */; };
		E0D4887C245A708F00ED074A /* ProfileViewController.swift in Sources */ = {isa = PBXBuildFile; fileRef = E0D4887B245A708F00ED074A /* ProfileViewController.swift */; };
		E0EC4382274B80A9009CD785 /* YelpClient.swift in Sources */ = {isa = PBXBuildFile; fileRef = E0EC4381274B80A9009CD785 /* YelpClient.swift */; };
		E0EC4384274B82DE009CD785 /* CurrentSession.swift in Sources */ = {isa = PBXBuildFile; fileRef = E0EC4383274B82DE009CD785 /* CurrentSession.swift */; };
		E0FCC718245E9426000BA717 /* EditProfileViewController.swift in Sources */ = {isa = PBXBuildFile; fileRef = E0FCC717245E9426000BA717 /* EditProfileViewController.swift */; };
		FA18FCB2245BBC940087C1CC /* Assets.xcassets in Resources */ = {isa = PBXBuildFile; fileRef = FA18FCB1245BBC930087C1CC /* Assets.xcassets */; };
		FA75F72F245445FD00E681F9 /* AppDelegate.swift in Sources */ = {isa = PBXBuildFile; fileRef = FA75F72E245445FD00E681F9 /* AppDelegate.swift */; };
		FA75F731245445FD00E681F9 /* SceneDelegate.swift in Sources */ = {isa = PBXBuildFile; fileRef = FA75F730245445FD00E681F9 /* SceneDelegate.swift */; };
		FA75F736245445FD00E681F9 /* Main.storyboard in Resources */ = {isa = PBXBuildFile; fileRef = FA75F734245445FD00E681F9 /* Main.storyboard */; };
		FA75F73B2454460000E681F9 /* LaunchScreen.storyboard in Resources */ = {isa = PBXBuildFile; fileRef = FA75F7392454460000E681F9 /* LaunchScreen.storyboard */; };
		FA75F7462454460000E681F9 /* playersMeetTests.swift in Sources */ = {isa = PBXBuildFile; fileRef = FA75F7452454460000E681F9 /* playersMeetTests.swift */; };
		FA75F7512454460000E681F9 /* playersMeetUITests.swift in Sources */ = {isa = PBXBuildFile; fileRef = FA75F7502454460000E681F9 /* playersMeetUITests.swift */; };
		FAB9CBA42455899F00C25C92 /* NetworkService.swift in Sources */ = {isa = PBXBuildFile; fileRef = FAB9CBA32455899F00C25C92 /* NetworkService.swift */; };
		FAB9CBA62455931E00C25C92 /* Models.swift in Sources */ = {isa = PBXBuildFile; fileRef = FAB9CBA52455931E00C25C92 /* Models.swift */; };
		FAB9CBB02455B42300C25C92 /* LocationsViewController.swift in Sources */ = {isa = PBXBuildFile; fileRef = FAB9CBAF2455B42300C25C92 /* LocationsViewController.swift */; };
		FAB9CBB22455C27600C25C92 /* LocationCell.swift in Sources */ = {isa = PBXBuildFile; fileRef = FAB9CBB12455C27600C25C92 /* LocationCell.swift */; };
		FAB9CBB42456468800C25C92 /* DetailsViewController.swift in Sources */ = {isa = PBXBuildFile; fileRef = FAB9CBB32456468800C25C92 /* DetailsViewController.swift */; };
		FAFECE3B24619F9A005CD8F7 /* 18709-loading.json in Resources */ = {isa = PBXBuildFile; fileRef = FAFECE3A24619F9A005CD8F7 /* 18709-loading.json */; };
/* End PBXBuildFile section */

/* Begin PBXContainerItemProxy section */
		FA75F7422454460000E681F9 /* PBXContainerItemProxy */ = {
			isa = PBXContainerItemProxy;
			containerPortal = FA75F723245445FC00E681F9 /* Project object */;
			proxyType = 1;
			remoteGlobalIDString = FA75F72A245445FC00E681F9;
			remoteInfo = playersMeetup;
		};
		FA75F74D2454460000E681F9 /* PBXContainerItemProxy */ = {
			isa = PBXContainerItemProxy;
			containerPortal = FA75F723245445FC00E681F9 /* Project object */;
			proxyType = 1;
			remoteGlobalIDString = FA75F72A245445FC00E681F9;
			remoteInfo = playersMeetup;
		};
/* End PBXContainerItemProxy section */

/* Begin PBXFileReference section */
		0FFAD35305931D2C582B8B69 /* Pods-playersMeetTests.release.xcconfig */ = {isa = PBXFileReference; includeInIndex = 1; lastKnownFileType = text.xcconfig; name = "Pods-playersMeetTests.release.xcconfig"; path = "Target Support Files/Pods-playersMeetTests/Pods-playersMeetTests.release.xcconfig"; sourceTree = "<group>"; };
		235A6C10CBDFBF649BCA34E0 /* Pods_playersMeet.framework */ = {isa = PBXFileReference; explicitFileType = wrapper.framework; includeInIndex = 0; path = Pods_playersMeet.framework; sourceTree = BUILT_PRODUCTS_DIR; };
		6A4B0F442460871D002F0882 /* TeamChatViewController.swift */ = {isa = PBXFileReference; lastKnownFileType = sourcecode.swift; path = TeamChatViewController.swift; sourceTree = "<group>"; };
		6A4B0F462460872F002F0882 /* MessageCell.swift */ = {isa = PBXFileReference; lastKnownFileType = sourcecode.swift; path = MessageCell.swift; sourceTree = "<group>"; };
		78E29BC9BB90B9BB04C4C1FB /* Pods_playersMeetTests.framework */ = {isa = PBXFileReference; explicitFileType = wrapper.framework; includeInIndex = 0; path = Pods_playersMeetTests.framework; sourceTree = BUILT_PRODUCTS_DIR; };
		7F048FA5C3F6D496353B6749 /* Pods-playersMeet.debug.xcconfig */ = {isa = PBXFileReference; includeInIndex = 1; lastKnownFileType = text.xcconfig; name = "Pods-playersMeet.debug.xcconfig"; path = "Target Support Files/Pods-playersMeet/Pods-playersMeet.debug.xcconfig"; sourceTree = "<group>"; };
		AB04665F1B0F41C50BE9EFFA /* Pods-playersMeet.release.xcconfig */ = {isa = PBXFileReference; includeInIndex = 1; lastKnownFileType = text.xcconfig; name = "Pods-playersMeet.release.xcconfig"; path = "Target Support Files/Pods-playersMeet/Pods-playersMeet.release.xcconfig"; sourceTree = "<group>"; };
		D0E364E01E036666DDAFCCC7 /* Pods-playersMeet-playersMeetUITests.debug.xcconfig */ = {isa = PBXFileReference; includeInIndex = 1; lastKnownFileType = text.xcconfig; name = "Pods-playersMeet-playersMeetUITests.debug.xcconfig"; path = "Target Support Files/Pods-playersMeet-playersMeetUITests/Pods-playersMeet-playersMeetUITests.debug.xcconfig"; sourceTree = "<group>"; };
		DB80848D245687B800177175 /* SignUpViewController.swift */ = {isa = PBXFileReference; lastKnownFileType = sourcecode.swift; path = SignUpViewController.swift; sourceTree = "<group>"; };
		DB80848F2456A06100177175 /* HomeViewController.swift */ = {isa = PBXFileReference; lastKnownFileType = sourcecode.swift; path = HomeViewController.swift; sourceTree = "<group>"; };
		DD54A7625C4740983B6BA9B5 /* Pods-playersMeet-playersMeetUITests.release.xcconfig */ = {isa = PBXFileReference; includeInIndex = 1; lastKnownFileType = text.xcconfig; name = "Pods-playersMeet-playersMeetUITests.release.xcconfig"; path = "Target Support Files/Pods-playersMeet-playersMeetUITests/Pods-playersMeet-playersMeetUITests.release.xcconfig"; sourceTree = "<group>"; };
		E005B34F24648AE10034DD7C /* 4414-bouncy-basketball.json */ = {isa = PBXFileReference; fileEncoding = 4; lastKnownFileType = text.json; path = "4414-bouncy-basketball.json"; sourceTree = "<group>"; };
		E0116CA5245A580900AF7F39 /* .gitignore */ = {isa = PBXFileReference; fileEncoding = 4; lastKnownFileType = text; path = .gitignore; sourceTree = "<group>"; };
		E01187A3274ECC9800D84768 /* UserLocationProvider.swift */ = {isa = PBXFileReference; lastKnownFileType = sourcecode.swift; path = UserLocationProvider.swift; sourceTree = "<group>"; };
		E01187A9274EEEEB00D84768 /* UserLocationError.swift */ = {isa = PBXFileReference; lastKnownFileType = sourcecode.swift; path = UserLocationError.swift; sourceTree = "<group>"; };
		E01187AB274F876200D84768 /* LocationProvider.swift */ = {isa = PBXFileReference; lastKnownFileType = sourcecode.swift; path = LocationProvider.swift; sourceTree = "<group>"; };
		E01D6EA12752E660007C2EF6 /* Formatter.swift */ = {isa = PBXFileReference; lastKnownFileType = sourcecode.swift; path = Formatter.swift; sourceTree = "<group>"; };
		E04350BB2744BEDF000EF6D9 /* APIKeys.swift */ = {isa = PBXFileReference; lastKnownFileType = sourcecode.swift; path = APIKeys.swift; sourceTree = "<group>"; };
		E0554F46274084A700B602C4 /* UIColor+Extensions.swift */ = {isa = PBXFileReference; lastKnownFileType = sourcecode.swift; path = "UIColor+Extensions.swift"; sourceTree = "<group>"; };
		E0554F482740851200B602C4 /* CGFloat+Extensions.swift */ = {isa = PBXFileReference; lastKnownFileType = sourcecode.swift; path = "CGFloat+Extensions.swift"; sourceTree = "<group>"; };
		E05CDE912785650B001B296E /* UserState.swift */ = {isa = PBXFileReference; lastKnownFileType = sourcecode.swift; path = UserState.swift; sourceTree = "<group>"; };
		E05F02902730C81300DDBE33 /* Navigation.swift */ = {isa = PBXFileReference; lastKnownFileType = sourcecode.swift; path = Navigation.swift; sourceTree = "<group>"; };
		E05F0294273110D200DDBE33 /* LottieAnimations.swift */ = {isa = PBXFileReference; lastKnownFileType = sourcecode.swift; path = LottieAnimations.swift; sourceTree = "<group>"; };
		E0623F22274CD6B300A0555C /* GoogleService-Info.plist */ = {isa = PBXFileReference; fileEncoding = 4; lastKnownFileType = text.plist.xml; path = "GoogleService-Info.plist"; sourceTree = "<group>"; };
		E0648E512782E30D00BA3259 /* Coordinator.swift */ = {isa = PBXFileReference; lastKnownFileType = sourcecode.swift; path = Coordinator.swift; sourceTree = "<group>"; };
		E0648E532782E36500BA3259 /* AppCoordinator.swift */ = {isa = PBXFileReference; lastKnownFileType = sourcecode.swift; path = AppCoordinator.swift; sourceTree = "<group>"; };
		E0788C48272E22930089197D /* ImageError.swift */ = {isa = PBXFileReference; lastKnownFileType = sourcecode.swift; name = ImageError.swift; path = playersMeet/Errors/ImageError.swift; sourceTree = SOURCE_ROOT; };
		E0788C4A272E3F440089197D /* AuthError.swift */ = {isa = PBXFileReference; lastKnownFileType = sourcecode.swift; path = AuthError.swift; sourceTree = "<group>"; };
		E0788C4D272E8A440089197D /* DatabaseError.swift */ = {isa = PBXFileReference; lastKnownFileType = sourcecode.swift; path = DatabaseError.swift; sourceTree = "<group>"; };
		E07996F4272CF34D0000D162 /* FirebaseAuthClient.swift */ = {isa = PBXFileReference; fileEncoding = 4; lastKnownFileType = sourcecode.swift; path = FirebaseAuthClient.swift; sourceTree = "<group>"; };
		E07996F5272CF34D0000D162 /* FirebaseDBClient.swift */ = {isa = PBXFileReference; fileEncoding = 4; lastKnownFileType = sourcecode.swift; path = FirebaseDBClient.swift; sourceTree = "<group>"; };
		E07996FA272CF44A0000D162 /* UITextField+Extensions.swift */ = {isa = PBXFileReference; lastKnownFileType = sourcecode.swift; path = "UITextField+Extensions.swift"; sourceTree = "<group>"; };
		E07996FB272CF44A0000D162 /* UIViewController+Alerts.swift */ = {isa = PBXFileReference; lastKnownFileType = sourcecode.swift; path = "UIViewController+Alerts.swift"; sourceTree = "<group>"; };
		E07996FC272CF44B0000D162 /* UIButton+Extensions.swift */ = {isa = PBXFileReference; lastKnownFileType = sourcecode.swift; path = "UIButton+Extensions.swift"; sourceTree = "<group>"; };
		E0799701272D02320000D162 /* FirebaseManager.swift */ = {isa = PBXFileReference; lastKnownFileType = sourcecode.swift; path = FirebaseManager.swift; sourceTree = "<group>"; };
		E07FF7C4272DB00F00325763 /* UIImage+Extensions.swift */ = {isa = PBXFileReference; lastKnownFileType = sourcecode.swift; path = "UIImage+Extensions.swift"; sourceTree = "<group>"; };
		E08D089627436EE200BCD24C /* UserLocationService.swift */ = {isa = PBXFileReference; lastKnownFileType = sourcecode.swift; path = UserLocationService.swift; sourceTree = "<group>"; };
		E0983262B0BA2EA7C2CFBAA5 /* Pods-playersMeetTests.debug.xcconfig */ = {isa = PBXFileReference; includeInIndex = 1; lastKnownFileType = text.xcconfig; name = "Pods-playersMeetTests.debug.xcconfig"; path = "Target Support Files/Pods-playersMeetTests/Pods-playersMeetTests.debug.xcconfig"; sourceTree = "<group>"; };
		E0B472982756CCA100887A96 /* ChatMessage.swift */ = {isa = PBXFileReference; lastKnownFileType = sourcecode.swift; path = ChatMessage.swift; sourceTree = "<group>"; };
		E0B9C6D42786754600664CD6 /* SignUpCoordinator.swift */ = {isa = PBXFileReference; lastKnownFileType = sourcecode.swift; path = SignUpCoordinator.swift; sourceTree = "<group>"; };
		E0B9C6D62786788C00664CD6 /* TabBarCoordinator.swift */ = {isa = PBXFileReference; lastKnownFileType = sourcecode.swift; path = TabBarCoordinator.swift; sourceTree = "<group>"; };
		E0C0254A245F8CC200950223 /* User.swift */ = {isa = PBXFileReference; lastKnownFileType = sourcecode.swift; path = User.swift; sourceTree = "<group>"; };
		E0D4887B245A708F00ED074A /* ProfileViewController.swift */ = {isa = PBXFileReference; lastKnownFileType = sourcecode.swift; path = ProfileViewController.swift; sourceTree = "<group>"; };
		E0EC4381274B80A9009CD785 /* YelpClient.swift */ = {isa = PBXFileReference; lastKnownFileType = sourcecode.swift; path = YelpClient.swift; sourceTree = "<group>"; };
		E0EC4383274B82DE009CD785 /* CurrentSession.swift */ = {isa = PBXFileReference; lastKnownFileType = sourcecode.swift; path = CurrentSession.swift; sourceTree = "<group>"; };
		E0FCC717245E9426000BA717 /* EditProfileViewController.swift */ = {isa = PBXFileReference; lastKnownFileType = sourcecode.swift; path = EditProfileViewController.swift; sourceTree = "<group>"; };
		E33F03D03A4A3E4C73F1444C /* Pods_playersMeet_playersMeetUITests.framework */ = {isa = PBXFileReference; explicitFileType = wrapper.framework; includeInIndex = 0; path = Pods_playersMeet_playersMeetUITests.framework; sourceTree = BUILT_PRODUCTS_DIR; };
		FA18FCB1245BBC930087C1CC /* Assets.xcassets */ = {isa = PBXFileReference; lastKnownFileType = folder.assetcatalog; path = Assets.xcassets; sourceTree = "<group>"; };
		FA75F72B245445FC00E681F9 /* playersMeet.app */ = {isa = PBXFileReference; explicitFileType = wrapper.application; includeInIndex = 0; path = playersMeet.app; sourceTree = BUILT_PRODUCTS_DIR; };
		FA75F72E245445FD00E681F9 /* AppDelegate.swift */ = {isa = PBXFileReference; lastKnownFileType = sourcecode.swift; path = AppDelegate.swift; sourceTree = "<group>"; };
		FA75F730245445FD00E681F9 /* SceneDelegate.swift */ = {isa = PBXFileReference; lastKnownFileType = sourcecode.swift; path = SceneDelegate.swift; sourceTree = "<group>"; };
		FA75F735245445FD00E681F9 /* Base */ = {isa = PBXFileReference; lastKnownFileType = file.storyboard; name = Base; path = Base.lproj/Main.storyboard; sourceTree = "<group>"; };
		FA75F73A2454460000E681F9 /* Base */ = {isa = PBXFileReference; lastKnownFileType = file.storyboard; name = Base; path = Base.lproj/LaunchScreen.storyboard; sourceTree = "<group>"; };
		FA75F73C2454460000E681F9 /* Info.plist */ = {isa = PBXFileReference; lastKnownFileType = text.plist.xml; path = Info.plist; sourceTree = "<group>"; };
		FA75F7412454460000E681F9 /* playersMeetTests.xctest */ = {isa = PBXFileReference; explicitFileType = wrapper.cfbundle; includeInIndex = 0; path = playersMeetTests.xctest; sourceTree = BUILT_PRODUCTS_DIR; };
		FA75F7452454460000E681F9 /* playersMeetTests.swift */ = {isa = PBXFileReference; lastKnownFileType = sourcecode.swift; path = playersMeetTests.swift; sourceTree = "<group>"; };
		FA75F7472454460000E681F9 /* Info.plist */ = {isa = PBXFileReference; lastKnownFileType = text.plist.xml; path = Info.plist; sourceTree = "<group>"; };
		FA75F74C2454460000E681F9 /* playersMeetUITests.xctest */ = {isa = PBXFileReference; explicitFileType = wrapper.cfbundle; includeInIndex = 0; path = playersMeetUITests.xctest; sourceTree = BUILT_PRODUCTS_DIR; };
		FA75F7502454460000E681F9 /* playersMeetUITests.swift */ = {isa = PBXFileReference; lastKnownFileType = sourcecode.swift; path = playersMeetUITests.swift; sourceTree = "<group>"; };
		FA75F7522454460000E681F9 /* Info.plist */ = {isa = PBXFileReference; lastKnownFileType = text.plist.xml; path = Info.plist; sourceTree = "<group>"; };
		FAB9CBA32455899F00C25C92 /* NetworkService.swift */ = {isa = PBXFileReference; lastKnownFileType = sourcecode.swift; path = NetworkService.swift; sourceTree = "<group>"; };
		FAB9CBA52455931E00C25C92 /* Models.swift */ = {isa = PBXFileReference; lastKnownFileType = sourcecode.swift; path = Models.swift; sourceTree = "<group>"; };
		FAB9CBAF2455B42300C25C92 /* LocationsViewController.swift */ = {isa = PBXFileReference; lastKnownFileType = sourcecode.swift; path = LocationsViewController.swift; sourceTree = "<group>"; };
		FAB9CBB12455C27600C25C92 /* LocationCell.swift */ = {isa = PBXFileReference; lastKnownFileType = sourcecode.swift; path = LocationCell.swift; sourceTree = "<group>"; };
		FAB9CBB32456468800C25C92 /* DetailsViewController.swift */ = {isa = PBXFileReference; lastKnownFileType = sourcecode.swift; path = DetailsViewController.swift; sourceTree = "<group>"; };
		FAFECE3A24619F9A005CD8F7 /* 18709-loading.json */ = {isa = PBXFileReference; fileEncoding = 4; lastKnownFileType = text.json; path = "18709-loading.json"; sourceTree = "<group>"; };
/* End PBXFileReference section */

/* Begin PBXFrameworksBuildPhase section */
		FA75F728245445FC00E681F9 /* Frameworks */ = {
			isa = PBXFrameworksBuildPhase;
			buildActionMask = 2147483647;
			files = (
				A2FFDA7DE0878E3E946125B5 /* Pods_playersMeet.framework in Frameworks */,
			);
			runOnlyForDeploymentPostprocessing = 0;
		};
		FA75F73E2454460000E681F9 /* Frameworks */ = {
			isa = PBXFrameworksBuildPhase;
			buildActionMask = 2147483647;
			files = (
				788B7239C0150BDFEC028C27 /* Pods_playersMeetTests.framework in Frameworks */,
			);
			runOnlyForDeploymentPostprocessing = 0;
		};
		FA75F7492454460000E681F9 /* Frameworks */ = {
			isa = PBXFrameworksBuildPhase;
			buildActionMask = 2147483647;
			files = (
				520EAA870A70F7F09AC22742 /* Pods_playersMeet_playersMeetUITests.framework in Frameworks */,
			);
			runOnlyForDeploymentPostprocessing = 0;
		};
/* End PBXFrameworksBuildPhase section */

/* Begin PBXGroup section */
		43C439AC45C2A609DC47B2BC /* Pods */ = {
			isa = PBXGroup;
			children = (
				7F048FA5C3F6D496353B6749 /* Pods-playersMeet.debug.xcconfig */,
				AB04665F1B0F41C50BE9EFFA /* Pods-playersMeet.release.xcconfig */,
				D0E364E01E036666DDAFCCC7 /* Pods-playersMeet-playersMeetUITests.debug.xcconfig */,
				DD54A7625C4740983B6BA9B5 /* Pods-playersMeet-playersMeetUITests.release.xcconfig */,
				E0983262B0BA2EA7C2CFBAA5 /* Pods-playersMeetTests.debug.xcconfig */,
				0FFAD35305931D2C582B8B69 /* Pods-playersMeetTests.release.xcconfig */,
			);
			path = Pods;
			sourceTree = "<group>";
		};
		9AB9D29EB82914B43621CFB7 /* Frameworks */ = {
			isa = PBXGroup;
			children = (
				235A6C10CBDFBF649BCA34E0 /* Pods_playersMeet.framework */,
				E33F03D03A4A3E4C73F1444C /* Pods_playersMeet_playersMeetUITests.framework */,
				78E29BC9BB90B9BB04C4C1FB /* Pods_playersMeetTests.framework */,
			);
			name = Frameworks;
			sourceTree = "<group>";
		};
		E01D6EA02752E653007C2EF6 /* Helpers */ = {
			isa = PBXGroup;
			children = (
				E01D6EA12752E660007C2EF6 /* Formatter.swift */,
			);
			path = Helpers;
			sourceTree = "<group>";
		};
		E04350C12744E1BD000EF6D9 /* Firebase */ = {
			isa = PBXGroup;
			children = (
				E07996F4272CF34D0000D162 /* FirebaseAuthClient.swift */,
				E07996F5272CF34D0000D162 /* FirebaseDBClient.swift */,
				E0799701272D02320000D162 /* FirebaseManager.swift */,
			);
			path = Firebase;
			sourceTree = "<group>";
		};
		E04350C22744E23D000EF6D9 /* Yelp */ = {
			isa = PBXGroup;
			children = (
				FAB9CBA32455899F00C25C92 /* NetworkService.swift */,
				E0EC4381274B80A9009CD785 /* YelpClient.swift */,
			);
			path = Yelp;
			sourceTree = "<group>";
		};
		E05F028F2730C80300DDBE33 /* Controllers */ = {
			isa = PBXGroup;
			children = (
				E0648E512782E30D00BA3259 /* Coordinator.swift */,
				E05F02902730C81300DDBE33 /* Navigation.swift */,
				E0648E532782E36500BA3259 /* AppCoordinator.swift */,
				E0B9C6D42786754600664CD6 /* SignUpCoordinator.swift */,
				E0B9C6D62786788C00664CD6 /* TabBarCoordinator.swift */,
			);
			path = Controllers;
			sourceTree = "<group>";
		};
		E0788C4C272E402B0089197D /* Errors */ = {
			isa = PBXGroup;
			children = (
				E0788C48272E22930089197D /* ImageError.swift */,
				E0788C4A272E3F440089197D /* AuthError.swift */,
				E0788C4D272E8A440089197D /* DatabaseError.swift */,
				E01187A9274EEEEB00D84768 /* UserLocationError.swift */,
			);
			path = Errors;
			sourceTree = "<group>";
		};
		E0799700272CF45D0000D162 /* Extensions */ = {
			isa = PBXGroup;
			children = (
				E07996FC272CF44B0000D162 /* UIButton+Extensions.swift */,
				E07996FA272CF44A0000D162 /* UITextField+Extensions.swift */,
				E07996FB272CF44A0000D162 /* UIViewController+Alerts.swift */,
				E07FF7C4272DB00F00325763 /* UIImage+Extensions.swift */,
				E0554F46274084A700B602C4 /* UIColor+Extensions.swift */,
				E0554F482740851200B602C4 /* CGFloat+Extensions.swift */,
			);
			path = Extensions;
			sourceTree = "<group>";
		};
		E0AB2F4924652E0300F4CE49 /* View Controllers */ = {
			isa = PBXGroup;
			children = (
				FAB9CBAF2455B42300C25C92 /* LocationsViewController.swift */,
				FAB9CBB32456468800C25C92 /* DetailsViewController.swift */,
				DB80848D245687B800177175 /* SignUpViewController.swift */,
				DB80848F2456A06100177175 /* HomeViewController.swift */,
				E0D4887B245A708F00ED074A /* ProfileViewController.swift */,
				E0FCC717245E9426000BA717 /* EditProfileViewController.swift */,
				6A4B0F442460871D002F0882 /* TeamChatViewController.swift */,
			);
			path = "View Controllers";
			sourceTree = "<group>";
		};
		E0AB2F4A24652E2500F4CE49 /* Models */ = {
			isa = PBXGroup;
			children = (
				FAB9CBA52455931E00C25C92 /* Models.swift */,
				E0C0254A245F8CC200950223 /* User.swift */,
				E0EC4383274B82DE009CD785 /* CurrentSession.swift */,
				E0B472982756CCA100887A96 /* ChatMessage.swift */,
				E05CDE912785650B001B296E /* UserState.swift */,
			);
			path = Models;
			sourceTree = "<group>";
		};
		E0AB2F4B24652E9300F4CE49 /* Views */ = {
			isa = PBXGroup;
			children = (
				FAB9CBB12455C27600C25C92 /* LocationCell.swift */,
				6A4B0F462460872F002F0882 /* MessageCell.swift */,
				E05F0294273110D200DDBE33 /* LottieAnimations.swift */,
				E0AB2F4C24652EBB00F4CE49 /* Lottie Animations */,
			);
			path = Views;
			sourceTree = "<group>";
		};
		E0AB2F4C24652EBB00F4CE49 /* Lottie Animations */ = {
			isa = PBXGroup;
			children = (
				E005B34F24648AE10034DD7C /* 4414-bouncy-basketball.json */,
				FAFECE3A24619F9A005CD8F7 /* 18709-loading.json */,
			);
			path = "Lottie Animations";
			sourceTree = "<group>";
		};
		E0AB2F4D24652F0900F4CE49 /* Networking */ = {
			isa = PBXGroup;
			children = (
				E04350C12744E1BD000EF6D9 /* Firebase */,
				E04350C22744E23D000EF6D9 /* Yelp */,
				E04350BB2744BEDF000EF6D9 /* APIKeys.swift */,
				E08D089627436EE200BCD24C /* UserLocationService.swift */,
				E01187A3274ECC9800D84768 /* UserLocationProvider.swift */,
				E01187AB274F876200D84768 /* LocationProvider.swift */,
			);
			path = Networking;
			sourceTree = "<group>";
		};
		E0AB2F4E24652F2600F4CE49 /* Storyboards */ = {
			isa = PBXGroup;
			children = (
				FA75F734245445FD00E681F9 /* Main.storyboard */,
				FA75F7392454460000E681F9 /* LaunchScreen.storyboard */,
			);
			path = Storyboards;
			sourceTree = "<group>";
		};
		FA75F722245445FC00E681F9 = {
			isa = PBXGroup;
			children = (
				FA75F72D245445FC00E681F9 /* playersMeet */,
				E0116CA5245A580900AF7F39 /* .gitignore */,
				E0623F22274CD6B300A0555C /* GoogleService-Info.plist */,
				FA75F7442454460000E681F9 /* playersMeetTests */,
				FA75F74F2454460000E681F9 /* playersMeetUITests */,
				FA75F72C245445FC00E681F9 /* Products */,
				43C439AC45C2A609DC47B2BC /* Pods */,
				9AB9D29EB82914B43621CFB7 /* Frameworks */,
			);
			sourceTree = "<group>";
		};
		FA75F72C245445FC00E681F9 /* Products */ = {
			isa = PBXGroup;
			children = (
				FA75F72B245445FC00E681F9 /* playersMeet.app */,
				FA75F7412454460000E681F9 /* playersMeetTests.xctest */,
				FA75F74C2454460000E681F9 /* playersMeetUITests.xctest */,
			);
			name = Products;
			sourceTree = "<group>";
		};
		FA75F72D245445FC00E681F9 /* playersMeet */ = {
			isa = PBXGroup;
			children = (
				FA75F72E245445FD00E681F9 /* AppDelegate.swift */,
				FA75F730245445FD00E681F9 /* SceneDelegate.swift */,
				E0AB2F4A24652E2500F4CE49 /* Models */,
				E05F028F2730C80300DDBE33 /* Controllers */,
				E0AB2F4924652E0300F4CE49 /* View Controllers */,
				E0AB2F4D24652F0900F4CE49 /* Networking */,
				E0799700272CF45D0000D162 /* Extensions */,
				E0AB2F4E24652F2600F4CE49 /* Storyboards */,
				E0AB2F4B24652E9300F4CE49 /* Views */,
				E01D6EA02752E653007C2EF6 /* Helpers */,
				E0788C4C272E402B0089197D /* Errors */,
				FA75F73C2454460000E681F9 /* Info.plist */,
				FA18FCB1245BBC930087C1CC /* Assets.xcassets */,
			);
			path = playersMeet;
			sourceTree = "<group>";
		};
		FA75F7442454460000E681F9 /* playersMeetTests */ = {
			isa = PBXGroup;
			children = (
				FA75F7452454460000E681F9 /* playersMeetTests.swift */,
				FA75F7472454460000E681F9 /* Info.plist */,
			);
			path = playersMeetTests;
			sourceTree = "<group>";
		};
		FA75F74F2454460000E681F9 /* playersMeetUITests */ = {
			isa = PBXGroup;
			children = (
				FA75F7502454460000E681F9 /* playersMeetUITests.swift */,
				FA75F7522454460000E681F9 /* Info.plist */,
			);
			path = playersMeetUITests;
			sourceTree = "<group>";
		};
/* End PBXGroup section */

/* Begin PBXNativeTarget section */
		FA75F72A245445FC00E681F9 /* playersMeet */ = {
			isa = PBXNativeTarget;
			buildConfigurationList = FA75F7552454460000E681F9 /* Build configuration list for PBXNativeTarget "playersMeet" */;
			buildPhases = (
				601578D9777E1EE071000C8D /* [CP] Check Pods Manifest.lock */,
				FA75F727245445FC00E681F9 /* Sources */,
				FA75F728245445FC00E681F9 /* Frameworks */,
				FA75F729245445FC00E681F9 /* Resources */,
				C9DFF8E0951C9A76B0DA2224 /* [CP] Embed Pods Frameworks */,
			);
			buildRules = (
			);
			dependencies = (
			);
			name = playersMeet;
			productName = playersMeetup;
			productReference = FA75F72B245445FC00E681F9 /* playersMeet.app */;
			productType = "com.apple.product-type.application";
		};
		FA75F7402454460000E681F9 /* playersMeetTests */ = {
			isa = PBXNativeTarget;
			buildConfigurationList = FA75F7582454460000E681F9 /* Build configuration list for PBXNativeTarget "playersMeetTests" */;
			buildPhases = (
				51B084BD73F74E1F2767676E /* [CP] Check Pods Manifest.lock */,
				FA75F73D2454460000E681F9 /* Sources */,
				FA75F73E2454460000E681F9 /* Frameworks */,
				FA75F73F2454460000E681F9 /* Resources */,
			);
			buildRules = (
			);
			dependencies = (
				FA75F7432454460000E681F9 /* PBXTargetDependency */,
			);
			name = playersMeetTests;
			productName = playersMeetupTests;
			productReference = FA75F7412454460000E681F9 /* playersMeetTests.xctest */;
			productType = "com.apple.product-type.bundle.unit-test";
		};
		FA75F74B2454460000E681F9 /* playersMeetUITests */ = {
			isa = PBXNativeTarget;
			buildConfigurationList = FA75F75B2454460000E681F9 /* Build configuration list for PBXNativeTarget "playersMeetUITests" */;
			buildPhases = (
				684023EE287E29CC37A8F4AC /* [CP] Check Pods Manifest.lock */,
				FA75F7482454460000E681F9 /* Sources */,
				FA75F7492454460000E681F9 /* Frameworks */,
				FA75F74A2454460000E681F9 /* Resources */,
				0FC25F04F11AEAB4B730A87A /* [CP] Embed Pods Frameworks */,
			);
			buildRules = (
			);
			dependencies = (
				FA75F74E2454460000E681F9 /* PBXTargetDependency */,
			);
			name = playersMeetUITests;
			productName = playersMeetupUITests;
			productReference = FA75F74C2454460000E681F9 /* playersMeetUITests.xctest */;
			productType = "com.apple.product-type.bundle.ui-testing";
		};
/* End PBXNativeTarget section */

/* Begin PBXProject section */
		FA75F723245445FC00E681F9 /* Project object */ = {
			isa = PBXProject;
			attributes = {
				LastSwiftUpdateCheck = 1140;
				LastUpgradeCheck = 1310;
				ORGANIZATIONNAME = "Yazan Arafeh";
				TargetAttributes = {
					FA75F72A245445FC00E681F9 = {
						CreatedOnToolsVersion = 11.4;
					};
					FA75F7402454460000E681F9 = {
						CreatedOnToolsVersion = 11.4;
						TestTargetID = FA75F72A245445FC00E681F9;
					};
					FA75F74B2454460000E681F9 = {
						CreatedOnToolsVersion = 11.4;
						TestTargetID = FA75F72A245445FC00E681F9;
					};
				};
			};
			buildConfigurationList = FA75F726245445FC00E681F9 /* Build configuration list for PBXProject "playersMeet" */;
			compatibilityVersion = "Xcode 13.0";
			developmentRegion = en;
			hasScannedForEncodings = 0;
			knownRegions = (
				en,
				Base,
			);
			mainGroup = FA75F722245445FC00E681F9;
			productRefGroup = FA75F72C245445FC00E681F9 /* Products */;
			projectDirPath = "";
			projectRoot = "";
			targets = (
				FA75F72A245445FC00E681F9 /* playersMeet */,
				FA75F7402454460000E681F9 /* playersMeetTests */,
				FA75F74B2454460000E681F9 /* playersMeetUITests */,
			);
		};
/* End PBXProject section */

/* Begin PBXResourcesBuildPhase section */
		FA75F729245445FC00E681F9 /* Resources */ = {
			isa = PBXResourcesBuildPhase;
			buildActionMask = 2147483647;
			files = (
				E0116CA6245A580900AF7F39 /* .gitignore in Resources */,
				E0623F23274CD6B300A0555C /* GoogleService-Info.plist in Resources */,
				FA75F73B2454460000E681F9 /* LaunchScreen.storyboard in Resources */,
				FAFECE3B24619F9A005CD8F7 /* 18709-loading.json in Resources */,
				FA18FCB2245BBC940087C1CC /* Assets.xcassets in Resources */,
				E005B35024648AE10034DD7C /* 4414-bouncy-basketball.json in Resources */,
				FA75F736245445FD00E681F9 /* Main.storyboard in Resources */,
			);
			runOnlyForDeploymentPostprocessing = 0;
		};
		FA75F73F2454460000E681F9 /* Resources */ = {
			isa = PBXResourcesBuildPhase;
			buildActionMask = 2147483647;
			files = (
			);
			runOnlyForDeploymentPostprocessing = 0;
		};
		FA75F74A2454460000E681F9 /* Resources */ = {
			isa = PBXResourcesBuildPhase;
			buildActionMask = 2147483647;
			files = (
			);
			runOnlyForDeploymentPostprocessing = 0;
		};
/* End PBXResourcesBuildPhase section */

/* Begin PBXShellScriptBuildPhase section */
		0FC25F04F11AEAB4B730A87A /* [CP] Embed Pods Frameworks */ = {
			isa = PBXShellScriptBuildPhase;
			buildActionMask = 2147483647;
			files = (
			);
			inputFileListPaths = (
				"${PODS_ROOT}/Target Support Files/Pods-playersMeet-playersMeetUITests/Pods-playersMeet-playersMeetUITests-frameworks-${CONFIGURATION}-input-files.xcfilelist",
			);
			name = "[CP] Embed Pods Frameworks";
			outputFileListPaths = (
				"${PODS_ROOT}/Target Support Files/Pods-playersMeet-playersMeetUITests/Pods-playersMeet-playersMeetUITests-frameworks-${CONFIGURATION}-output-files.xcfilelist",
			);
			runOnlyForDeploymentPostprocessing = 0;
			shellPath = /bin/sh;
			shellScript = "\"${PODS_ROOT}/Target Support Files/Pods-playersMeet-playersMeetUITests/Pods-playersMeet-playersMeetUITests-frameworks.sh\"\n";
			showEnvVarsInLog = 0;
		};
		51B084BD73F74E1F2767676E /* [CP] Check Pods Manifest.lock */ = {
			isa = PBXShellScriptBuildPhase;
			buildActionMask = 2147483647;
			files = (
			);
			inputFileListPaths = (
			);
			inputPaths = (
				"${PODS_PODFILE_DIR_PATH}/Podfile.lock",
				"${PODS_ROOT}/Manifest.lock",
			);
			name = "[CP] Check Pods Manifest.lock";
			outputFileListPaths = (
			);
			outputPaths = (
				"$(DERIVED_FILE_DIR)/Pods-playersMeetTests-checkManifestLockResult.txt",
			);
			runOnlyForDeploymentPostprocessing = 0;
			shellPath = /bin/sh;
			shellScript = "diff \"${PODS_PODFILE_DIR_PATH}/Podfile.lock\" \"${PODS_ROOT}/Manifest.lock\" > /dev/null\nif [ $? != 0 ] ; then\n    # print error to STDERR\n    echo \"error: The sandbox is not in sync with the Podfile.lock. Run 'pod install' or update your CocoaPods installation.\" >&2\n    exit 1\nfi\n# This output is used by Xcode 'outputs' to avoid re-running this script phase.\necho \"SUCCESS\" > \"${SCRIPT_OUTPUT_FILE_0}\"\n";
			showEnvVarsInLog = 0;
		};
		601578D9777E1EE071000C8D /* [CP] Check Pods Manifest.lock */ = {
			isa = PBXShellScriptBuildPhase;
			buildActionMask = 2147483647;
			files = (
			);
			inputFileListPaths = (
			);
			inputPaths = (
				"${PODS_PODFILE_DIR_PATH}/Podfile.lock",
				"${PODS_ROOT}/Manifest.lock",
			);
			name = "[CP] Check Pods Manifest.lock";
			outputFileListPaths = (
			);
			outputPaths = (
				"$(DERIVED_FILE_DIR)/Pods-playersMeet-checkManifestLockResult.txt",
			);
			runOnlyForDeploymentPostprocessing = 0;
			shellPath = /bin/sh;
			shellScript = "diff \"${PODS_PODFILE_DIR_PATH}/Podfile.lock\" \"${PODS_ROOT}/Manifest.lock\" > /dev/null\nif [ $? != 0 ] ; then\n    # print error to STDERR\n    echo \"error: The sandbox is not in sync with the Podfile.lock. Run 'pod install' or update your CocoaPods installation.\" >&2\n    exit 1\nfi\n# This output is used by Xcode 'outputs' to avoid re-running this script phase.\necho \"SUCCESS\" > \"${SCRIPT_OUTPUT_FILE_0}\"\n";
			showEnvVarsInLog = 0;
		};
		684023EE287E29CC37A8F4AC /* [CP] Check Pods Manifest.lock */ = {
			isa = PBXShellScriptBuildPhase;
			buildActionMask = 2147483647;
			files = (
			);
			inputFileListPaths = (
			);
			inputPaths = (
				"${PODS_PODFILE_DIR_PATH}/Podfile.lock",
				"${PODS_ROOT}/Manifest.lock",
			);
			name = "[CP] Check Pods Manifest.lock";
			outputFileListPaths = (
			);
			outputPaths = (
				"$(DERIVED_FILE_DIR)/Pods-playersMeet-playersMeetUITests-checkManifestLockResult.txt",
			);
			runOnlyForDeploymentPostprocessing = 0;
			shellPath = /bin/sh;
			shellScript = "diff \"${PODS_PODFILE_DIR_PATH}/Podfile.lock\" \"${PODS_ROOT}/Manifest.lock\" > /dev/null\nif [ $? != 0 ] ; then\n    # print error to STDERR\n    echo \"error: The sandbox is not in sync with the Podfile.lock. Run 'pod install' or update your CocoaPods installation.\" >&2\n    exit 1\nfi\n# This output is used by Xcode 'outputs' to avoid re-running this script phase.\necho \"SUCCESS\" > \"${SCRIPT_OUTPUT_FILE_0}\"\n";
			showEnvVarsInLog = 0;
		};
		C9DFF8E0951C9A76B0DA2224 /* [CP] Embed Pods Frameworks */ = {
			isa = PBXShellScriptBuildPhase;
			buildActionMask = 2147483647;
			files = (
			);
			inputFileListPaths = (
				"${PODS_ROOT}/Target Support Files/Pods-playersMeet/Pods-playersMeet-frameworks-${CONFIGURATION}-input-files.xcfilelist",
			);
			name = "[CP] Embed Pods Frameworks";
			outputFileListPaths = (
				"${PODS_ROOT}/Target Support Files/Pods-playersMeet/Pods-playersMeet-frameworks-${CONFIGURATION}-output-files.xcfilelist",
			);
			runOnlyForDeploymentPostprocessing = 0;
			shellPath = /bin/sh;
			shellScript = "\"${PODS_ROOT}/Target Support Files/Pods-playersMeet/Pods-playersMeet-frameworks.sh\"\n";
			showEnvVarsInLog = 0;
		};
/* End PBXShellScriptBuildPhase section */

/* Begin PBXSourcesBuildPhase section */
		FA75F727245445FC00E681F9 /* Sources */ = {
			isa = PBXSourcesBuildPhase;
			buildActionMask = 2147483647;
			files = (
				E01D6EA22752E660007C2EF6 /* Formatter.swift in Sources */,
				E0C0254B245F8CC200950223 /* User.swift in Sources */,
				E0554F47274084A700B602C4 /* UIColor+Extensions.swift in Sources */,
				FAB9CBB22455C27600C25C92 /* LocationCell.swift in Sources */,
				DB80848E245687B800177175 /* SignUpViewController.swift in Sources */,
				E0799702272D02320000D162 /* FirebaseManager.swift in Sources */,
				E0648E522782E30D00BA3259 /* Coordinator.swift in Sources */,
				FA75F72F245445FD00E681F9 /* AppDelegate.swift in Sources */,
				E08D089727436EE200BCD24C /* UserLocationService.swift in Sources */,
				E04350BC2744BEDF000EF6D9 /* APIKeys.swift in Sources */,
				E0FCC718245E9426000BA717 /* EditProfileViewController.swift in Sources */,
				E07FF7C5272DB00F00325763 /* UIImage+Extensions.swift in Sources */,
				E0788C49272E22930089197D /* ImageError.swift in Sources */,
				E0788C4B272E3F440089197D /* AuthError.swift in Sources */,
				FAB9CBB42456468800C25C92 /* DetailsViewController.swift in Sources */,
				E0648E542782E36500BA3259 /* AppCoordinator.swift in Sources */,
				FA75F731245445FD00E681F9 /* SceneDelegate.swift in Sources */,
				DB8084902456A06100177175 /* HomeViewController.swift in Sources */,
				E0EC4382274B80A9009CD785 /* YelpClient.swift in Sources */,
				FAB9CBA42455899F00C25C92 /* NetworkService.swift in Sources */,
				E0554F492740851200B602C4 /* CGFloat+Extensions.swift in Sources */,
				E0B9C6D52786754600664CD6 /* SignUpCoordinator.swift in Sources */,
				E07996F7272CF34D0000D162 /* FirebaseDBClient.swift in Sources */,
				E0EC4384274B82DE009CD785 /* CurrentSession.swift in Sources */,
				E0D4887C245A708F00ED074A /* ProfileViewController.swift in Sources */,
				E05CDE922785650B001B296E /* UserState.swift in Sources */,
				E07996FF272CF44B0000D162 /* UITextField+Extensions.swift in Sources */,
				E01187A4274ECC9800D84768 /* UserLocationProvider.swift in Sources */,
				E07996FE272CF44B0000D162 /* UIViewController+Alerts.swift in Sources */,
				E01187AC274F876200D84768 /* LocationProvider.swift in Sources */,
				E07996F6272CF34D0000D162 /* FirebaseAuthClient.swift in Sources */,
				E05F0295273110D200DDBE33 /* LottieAnimations.swift in Sources */,
				6A4B0F472460872F002F0882 /* MessageCell.swift in Sources */,
				E07996FD272CF44B0000D162 /* UIButton+Extensions.swift in Sources */,
				FAB9CBA62455931E00C25C92 /* Models.swift in Sources */,
				E0B472992756CCA100887A96 /* ChatMessage.swift in Sources */,
				FAB9CBB02455B42300C25C92 /* LocationsViewController.swift in Sources */,
				6A4B0F452460871D002F0882 /* TeamChatViewController.swift in Sources */,
				E0B9C6D72786788C00664CD6 /* TabBarCoordinator.swift in Sources */,
				E01187AA274EEEEB00D84768 /* UserLocationError.swift in Sources */,
				E05F02912730C81300DDBE33 /* Navigation.swift in Sources */,
				E0788C4E272E8A440089197D /* DatabaseError.swift in Sources */,
			);
			runOnlyForDeploymentPostprocessing = 0;
		};
		FA75F73D2454460000E681F9 /* Sources */ = {
			isa = PBXSourcesBuildPhase;
			buildActionMask = 2147483647;
			files = (
				FA75F7462454460000E681F9 /* playersMeetTests.swift in Sources */,
			);
			runOnlyForDeploymentPostprocessing = 0;
		};
		FA75F7482454460000E681F9 /* Sources */ = {
			isa = PBXSourcesBuildPhase;
			buildActionMask = 2147483647;
			files = (
				FA75F7512454460000E681F9 /* playersMeetUITests.swift in Sources */,
			);
			runOnlyForDeploymentPostprocessing = 0;
		};
/* End PBXSourcesBuildPhase section */

/* Begin PBXTargetDependency section */
		FA75F7432454460000E681F9 /* PBXTargetDependency */ = {
			isa = PBXTargetDependency;
			target = FA75F72A245445FC00E681F9 /* playersMeet */;
			targetProxy = FA75F7422454460000E681F9 /* PBXContainerItemProxy */;
		};
		FA75F74E2454460000E681F9 /* PBXTargetDependency */ = {
			isa = PBXTargetDependency;
			target = FA75F72A245445FC00E681F9 /* playersMeet */;
			targetProxy = FA75F74D2454460000E681F9 /* PBXContainerItemProxy */;
		};
/* End PBXTargetDependency section */

/* Begin PBXVariantGroup section */
		FA75F734245445FD00E681F9 /* Main.storyboard */ = {
			isa = PBXVariantGroup;
			children = (
				FA75F735245445FD00E681F9 /* Base */,
			);
			name = Main.storyboard;
			sourceTree = "<group>";
		};
		FA75F7392454460000E681F9 /* LaunchScreen.storyboard */ = {
			isa = PBXVariantGroup;
			children = (
				FA75F73A2454460000E681F9 /* Base */,
			);
			name = LaunchScreen.storyboard;
			sourceTree = "<group>";
		};
/* End PBXVariantGroup section */

/* Begin XCBuildConfiguration section */
		FA75F7532454460000E681F9 /* Debug */ = {
			isa = XCBuildConfiguration;
			buildSettings = {
				ALWAYS_SEARCH_USER_PATHS = NO;
				CLANG_ANALYZER_NONNULL = YES;
				CLANG_ANALYZER_NUMBER_OBJECT_CONVERSION = YES_AGGRESSIVE;
				CLANG_CXX_LANGUAGE_STANDARD = "gnu++14";
				CLANG_CXX_LIBRARY = "libc++";
				CLANG_ENABLE_MODULES = YES;
				CLANG_ENABLE_OBJC_ARC = YES;
				CLANG_ENABLE_OBJC_WEAK = YES;
				CLANG_WARN_BLOCK_CAPTURE_AUTORELEASING = YES;
				CLANG_WARN_BOOL_CONVERSION = YES;
				CLANG_WARN_COMMA = YES;
				CLANG_WARN_CONSTANT_CONVERSION = YES;
				CLANG_WARN_DEPRECATED_OBJC_IMPLEMENTATIONS = YES;
				CLANG_WARN_DIRECT_OBJC_ISA_USAGE = YES_ERROR;
				CLANG_WARN_DOCUMENTATION_COMMENTS = YES;
				CLANG_WARN_EMPTY_BODY = YES;
				CLANG_WARN_ENUM_CONVERSION = YES;
				CLANG_WARN_INFINITE_RECURSION = YES;
				CLANG_WARN_INT_CONVERSION = YES;
				CLANG_WARN_NON_LITERAL_NULL_CONVERSION = YES;
				CLANG_WARN_OBJC_IMPLICIT_RETAIN_SELF = YES;
				CLANG_WARN_OBJC_LITERAL_CONVERSION = YES;
				CLANG_WARN_OBJC_ROOT_CLASS = YES_ERROR;
				CLANG_WARN_QUOTED_INCLUDE_IN_FRAMEWORK_HEADER = YES;
				CLANG_WARN_RANGE_LOOP_ANALYSIS = YES;
				CLANG_WARN_STRICT_PROTOTYPES = YES;
				CLANG_WARN_SUSPICIOUS_MOVE = YES;
				CLANG_WARN_UNGUARDED_AVAILABILITY = YES_AGGRESSIVE;
				CLANG_WARN_UNREACHABLE_CODE = YES;
				CLANG_WARN__DUPLICATE_METHOD_MATCH = YES;
				COPY_PHASE_STRIP = NO;
				DEBUG_INFORMATION_FORMAT = dwarf;
				ENABLE_STRICT_OBJC_MSGSEND = YES;
				ENABLE_TESTABILITY = YES;
				GCC_C_LANGUAGE_STANDARD = gnu11;
				GCC_DYNAMIC_NO_PIC = NO;
				GCC_NO_COMMON_BLOCKS = YES;
				GCC_OPTIMIZATION_LEVEL = 0;
				GCC_PREPROCESSOR_DEFINITIONS = (
					"DEBUG=1",
					"$(inherited)",
				);
				GCC_WARN_64_TO_32_BIT_CONVERSION = YES;
				GCC_WARN_ABOUT_RETURN_TYPE = YES_ERROR;
				GCC_WARN_UNDECLARED_SELECTOR = YES;
				GCC_WARN_UNINITIALIZED_AUTOS = YES_AGGRESSIVE;
				GCC_WARN_UNUSED_FUNCTION = YES;
				GCC_WARN_UNUSED_VARIABLE = YES;
				IPHONEOS_DEPLOYMENT_TARGET = 13.4;
				MTL_ENABLE_DEBUG_INFO = INCLUDE_SOURCE;
				MTL_FAST_MATH = YES;
				ONLY_ACTIVE_ARCH = YES;
				SDKROOT = iphoneos;
				SWIFT_ACTIVE_COMPILATION_CONDITIONS = DEBUG;
				SWIFT_OPTIMIZATION_LEVEL = "-Onone";
			};
			name = Debug;
		};
		FA75F7542454460000E681F9 /* Release */ = {
			isa = XCBuildConfiguration;
			buildSettings = {
				ALWAYS_SEARCH_USER_PATHS = NO;
				CLANG_ANALYZER_NONNULL = YES;
				CLANG_ANALYZER_NUMBER_OBJECT_CONVERSION = YES_AGGRESSIVE;
				CLANG_CXX_LANGUAGE_STANDARD = "gnu++14";
				CLANG_CXX_LIBRARY = "libc++";
				CLANG_ENABLE_MODULES = YES;
				CLANG_ENABLE_OBJC_ARC = YES;
				CLANG_ENABLE_OBJC_WEAK = YES;
				CLANG_WARN_BLOCK_CAPTURE_AUTORELEASING = YES;
				CLANG_WARN_BOOL_CONVERSION = YES;
				CLANG_WARN_COMMA = YES;
				CLANG_WARN_CONSTANT_CONVERSION = YES;
				CLANG_WARN_DEPRECATED_OBJC_IMPLEMENTATIONS = YES;
				CLANG_WARN_DIRECT_OBJC_ISA_USAGE = YES_ERROR;
				CLANG_WARN_DOCUMENTATION_COMMENTS = YES;
				CLANG_WARN_EMPTY_BODY = YES;
				CLANG_WARN_ENUM_CONVERSION = YES;
				CLANG_WARN_INFINITE_RECURSION = YES;
				CLANG_WARN_INT_CONVERSION = YES;
				CLANG_WARN_NON_LITERAL_NULL_CONVERSION = YES;
				CLANG_WARN_OBJC_IMPLICIT_RETAIN_SELF = YES;
				CLANG_WARN_OBJC_LITERAL_CONVERSION = YES;
				CLANG_WARN_OBJC_ROOT_CLASS = YES_ERROR;
				CLANG_WARN_QUOTED_INCLUDE_IN_FRAMEWORK_HEADER = YES;
				CLANG_WARN_RANGE_LOOP_ANALYSIS = YES;
				CLANG_WARN_STRICT_PROTOTYPES = YES;
				CLANG_WARN_SUSPICIOUS_MOVE = YES;
				CLANG_WARN_UNGUARDED_AVAILABILITY = YES_AGGRESSIVE;
				CLANG_WARN_UNREACHABLE_CODE = YES;
				CLANG_WARN__DUPLICATE_METHOD_MATCH = YES;
				COPY_PHASE_STRIP = NO;
				DEBUG_INFORMATION_FORMAT = "dwarf-with-dsym";
				ENABLE_NS_ASSERTIONS = NO;
				ENABLE_STRICT_OBJC_MSGSEND = YES;
				GCC_C_LANGUAGE_STANDARD = gnu11;
				GCC_NO_COMMON_BLOCKS = YES;
				GCC_WARN_64_TO_32_BIT_CONVERSION = YES;
				GCC_WARN_ABOUT_RETURN_TYPE = YES_ERROR;
				GCC_WARN_UNDECLARED_SELECTOR = YES;
				GCC_WARN_UNINITIALIZED_AUTOS = YES_AGGRESSIVE;
				GCC_WARN_UNUSED_FUNCTION = YES;
				GCC_WARN_UNUSED_VARIABLE = YES;
				IPHONEOS_DEPLOYMENT_TARGET = 13.4;
				MTL_ENABLE_DEBUG_INFO = NO;
				MTL_FAST_MATH = YES;
				SDKROOT = iphoneos;
				SWIFT_COMPILATION_MODE = wholemodule;
				SWIFT_OPTIMIZATION_LEVEL = "-O";
				VALIDATE_PRODUCT = YES;
			};
			name = Release;
		};
		FA75F7562454460000E681F9 /* Debug */ = {
			isa = XCBuildConfiguration;
			baseConfigurationReference = 7F048FA5C3F6D496353B6749 /* Pods-playersMeet.debug.xcconfig */;
			buildSettings = {
				ASSETCATALOG_COMPILER_APPICON_NAME = AppIcon;
				CODE_SIGN_STYLE = Automatic;
				DEVELOPMENT_TEAM = BZSTQ3T72Y;
				INFOPLIST_FILE = "$(SRCROOT)/playersMeet/Info.plist";
				IPHONEOS_DEPLOYMENT_TARGET = 13.3;
				LD_RUNPATH_SEARCH_PATHS = (
					"$(inherited)",
					"@executable_path/Frameworks",
				);
				PRODUCT_BUNDLE_IDENTIFIER = com.YazanArafeh.playersMeet;
				PRODUCT_NAME = "$(TARGET_NAME)";
				SWIFT_VERSION = 5.0;
				TARGETED_DEVICE_FAMILY = "1,2";
			};
			name = Debug;
		};
		FA75F7572454460000E681F9 /* Release */ = {
			isa = XCBuildConfiguration;
			baseConfigurationReference = AB04665F1B0F41C50BE9EFFA /* Pods-playersMeet.release.xcconfig */;
			buildSettings = {
				ASSETCATALOG_COMPILER_APPICON_NAME = AppIcon;
				CODE_SIGN_STYLE = Automatic;
				DEVELOPMENT_TEAM = BZSTQ3T72Y;
				INFOPLIST_FILE = "$(SRCROOT)/playersMeet/Info.plist";
				IPHONEOS_DEPLOYMENT_TARGET = 13.3;
				LD_RUNPATH_SEARCH_PATHS = (
					"$(inherited)",
					"@executable_path/Frameworks",
				);
				PRODUCT_BUNDLE_IDENTIFIER = com.YazanArafeh.playersMeet;
				PRODUCT_NAME = "$(TARGET_NAME)";
				SWIFT_VERSION = 5.0;
				TARGETED_DEVICE_FAMILY = "1,2";
			};
			name = Release;
		};
		FA75F7592454460000E681F9 /* Debug */ = {
			isa = XCBuildConfiguration;
			baseConfigurationReference = E0983262B0BA2EA7C2CFBAA5 /* Pods-playersMeetTests.debug.xcconfig */;
			buildSettings = {
				BUNDLE_LOADER = "$(TEST_HOST)";
				CODE_SIGN_STYLE = Automatic;
				DEVELOPMENT_TEAM = BZSTQ3T72Y;
				INFOPLIST_FILE = playersMeetTests/Info.plist;
				IPHONEOS_DEPLOYMENT_TARGET = 13.4;
				LD_RUNPATH_SEARCH_PATHS = (
					"$(inherited)",
					"@executable_path/Frameworks",
					"@loader_path/Frameworks",
				);
				PRODUCT_BUNDLE_IDENTIFIER = com.YazanArafeh.playersMeetTests;
				PRODUCT_NAME = "$(TARGET_NAME)";
				SWIFT_VERSION = 5.0;
				TARGETED_DEVICE_FAMILY = "1,2";
				TEST_HOST = "$(BUILT_PRODUCTS_DIR)/playersMeet.app/playersMeet";
			};
			name = Debug;
		};
		FA75F75A2454460000E681F9 /* Release */ = {
			isa = XCBuildConfiguration;
			baseConfigurationReference = 0FFAD35305931D2C582B8B69 /* Pods-playersMeetTests.release.xcconfig */;
			buildSettings = {
				BUNDLE_LOADER = "$(TEST_HOST)";
				CODE_SIGN_STYLE = Automatic;
				DEVELOPMENT_TEAM = BZSTQ3T72Y;
				INFOPLIST_FILE = playersMeetTests/Info.plist;
				IPHONEOS_DEPLOYMENT_TARGET = 13.4;
				LD_RUNPATH_SEARCH_PATHS = (
					"$(inherited)",
					"@executable_path/Frameworks",
					"@loader_path/Frameworks",
				);
				PRODUCT_BUNDLE_IDENTIFIER = com.YazanArafeh.playersMeetTests;
				PRODUCT_NAME = "$(TARGET_NAME)";
				SWIFT_VERSION = 5.0;
				TARGETED_DEVICE_FAMILY = "1,2";
				TEST_HOST = "$(BUILT_PRODUCTS_DIR)/playersMeet.app/playersMeet";
			};
			name = Release;
		};
		FA75F75C2454460000E681F9 /* Debug */ = {
			isa = XCBuildConfiguration;
			baseConfigurationReference = D0E364E01E036666DDAFCCC7 /* Pods-playersMeet-playersMeetUITests.debug.xcconfig */;
			buildSettings = {
				CODE_SIGN_STYLE = Automatic;
				DEVELOPMENT_TEAM = BZSTQ3T72Y;
				INFOPLIST_FILE = playersMeetUITests/Info.plist;
				LD_RUNPATH_SEARCH_PATHS = (
					"$(inherited)",
					"@executable_path/Frameworks",
					"@loader_path/Frameworks",
				);
				PRODUCT_BUNDLE_IDENTIFIER = com.YazanArafeh.playersMeetUITests;
				PRODUCT_NAME = "$(TARGET_NAME)";
				SWIFT_VERSION = 5.0;
				TARGETED_DEVICE_FAMILY = "1,2";
			};
			name = Debug;
		};
		FA75F75D2454460000E681F9 /* Release */ = {
			isa = XCBuildConfiguration;
			baseConfigurationReference = DD54A7625C4740983B6BA9B5 /* Pods-playersMeet-playersMeetUITests.release.xcconfig */;
			buildSettings = {
				CODE_SIGN_STYLE = Automatic;
				DEVELOPMENT_TEAM = BZSTQ3T72Y;
				INFOPLIST_FILE = playersMeetUITests/Info.plist;
				LD_RUNPATH_SEARCH_PATHS = (
					"$(inherited)",
					"@executable_path/Frameworks",
					"@loader_path/Frameworks",
				);
				PRODUCT_BUNDLE_IDENTIFIER = com.YazanArafeh.playersMeetUITests;
				PRODUCT_NAME = "$(TARGET_NAME)";
				SWIFT_VERSION = 5.0;
				TARGETED_DEVICE_FAMILY = "1,2";
			};
			name = Release;
		};
/* End XCBuildConfiguration section */

/* Begin XCConfigurationList section */
		FA75F726245445FC00E681F9 /* Build configuration list for PBXProject "playersMeet" */ = {
			isa = XCConfigurationList;
			buildConfigurations = (
				FA75F7532454460000E681F9 /* Debug */,
				FA75F7542454460000E681F9 /* Release */,
			);
			defaultConfigurationIsVisible = 0;
			defaultConfigurationName = Release;
		};
		FA75F7552454460000E681F9 /* Build configuration list for PBXNativeTarget "playersMeet" */ = {
			isa = XCConfigurationList;
			buildConfigurations = (
				FA75F7562454460000E681F9 /* Debug */,
				FA75F7572454460000E681F9 /* Release */,
			);
			defaultConfigurationIsVisible = 0;
			defaultConfigurationName = Release;
		};
		FA75F7582454460000E681F9 /* Build configuration list for PBXNativeTarget "playersMeetTests" */ = {
			isa = XCConfigurationList;
			buildConfigurations = (
				FA75F7592454460000E681F9 /* Debug */,
				FA75F75A2454460000E681F9 /* Release */,
			);
			defaultConfigurationIsVisible = 0;
			defaultConfigurationName = Release;
		};
		FA75F75B2454460000E681F9 /* Build configuration list for PBXNativeTarget "playersMeetUITests" */ = {
			isa = XCConfigurationList;
			buildConfigurations = (
				FA75F75C2454460000E681F9 /* Debug */,
				FA75F75D2454460000E681F9 /* Release */,
			);
			defaultConfigurationIsVisible = 0;
			defaultConfigurationName = Release;
		};
/* End XCConfigurationList section */
	};
	rootObject = FA75F723245445FC00E681F9 /* Project object */;
}
