// !$*UTF8*$!
{
	archiveVersion = 1;
	classes = {
	};
	objectVersion = 51;
	objects = {

/* Begin PBXBuildFile section */
		300857F5D2236048230D2D4D /* Pods_playersMeetupTests.framework in Frameworks */ = {isa = PBXBuildFile; fileRef = A2F01B598886C435E774CD96 /* Pods_playersMeetupTests.framework */; };
		6A4B0F452460871D002F0882 /* TeamChatViewController.swift in Sources */ = {isa = PBXBuildFile; fileRef = 6A4B0F442460871D002F0882 /* TeamChatViewController.swift */; };
		6A4B0F472460872F002F0882 /* MessageCell.swift in Sources */ = {isa = PBXBuildFile; fileRef = 6A4B0F462460872F002F0882 /* MessageCell.swift */; };
		AC322766F959DA60317FF6E7 /* Pods_playersMeetup.framework in Frameworks */ = {isa = PBXBuildFile; fileRef = 519AA36604EF483634BEAFBA /* Pods_playersMeetup.framework */; };
		DB80848E245687B800177175 /* SignUpViewController.swift in Sources */ = {isa = PBXBuildFile; fileRef = DB80848D245687B800177175 /* SignUpViewController.swift */; };
		DB8084902456A06100177175 /* HomeViewController.swift in Sources */ = {isa = PBXBuildFile; fileRef = DB80848F2456A06100177175 /* HomeViewController.swift */; };
		DF1BEEFB1CAEEA583ED0F2A6 /* Pods_playersMeetup_playersMeetupUITests.framework in Frameworks */ = {isa = PBXBuildFile; fileRef = 84583BFA9267C542027E12EA /* Pods_playersMeetup_playersMeetupUITests.framework */; };
		E005B35024648AE10034DD7C /* 4414-bouncy-basketball.json in Resources */ = {isa = PBXBuildFile; fileRef = E005B34F24648AE10034DD7C /* 4414-bouncy-basketball.json */; };
		E005B3522464A6810034DD7C /* customTapGestureRecognizer.swift in Sources */ = {isa = PBXBuildFile; fileRef = E005B3512464A6810034DD7C /* customTapGestureRecognizer.swift */; };
		E0116CA6245A580900AF7F39 /* .gitignore in Resources */ = {isa = PBXBuildFile; fileRef = E0116CA5245A580900AF7F39 /* .gitignore */; };
		E0554F47274084A700B602C4 /* UIColor+Extensions.swift in Sources */ = {isa = PBXBuildFile; fileRef = E0554F46274084A700B602C4 /* UIColor+Extensions.swift */; };
		E0554F492740851200B602C4 /* CGFloat+Extensions.swift in Sources */ = {isa = PBXBuildFile; fileRef = E0554F482740851200B602C4 /* CGFloat+Extensions.swift */; };
		E05F02912730C81300DDBE33 /* Navigation.swift in Sources */ = {isa = PBXBuildFile; fileRef = E05F02902730C81300DDBE33 /* Navigation.swift */; };
		E05F0295273110D200DDBE33 /* LottieAnimations.swift in Sources */ = {isa = PBXBuildFile; fileRef = E05F0294273110D200DDBE33 /* LottieAnimations.swift */; };
		E0788C49272E22930089197D /* ImageError.swift in Sources */ = {isa = PBXBuildFile; fileRef = E0788C48272E22930089197D /* ImageError.swift */; };
		E0788C4B272E3F440089197D /* AuthError.swift in Sources */ = {isa = PBXBuildFile; fileRef = E0788C4A272E3F440089197D /* AuthError.swift */; };
		E0788C4E272E8A440089197D /* DatabaseError.swift in Sources */ = {isa = PBXBuildFile; fileRef = E0788C4D272E8A440089197D /* DatabaseError.swift */; };
		E07996F6272CF34D0000D162 /* FirebaseAuthClient.swift in Sources */ = {isa = PBXBuildFile; fileRef = E07996F4272CF34D0000D162 /* FirebaseAuthClient.swift */; };
		E07996F7272CF34D0000D162 /* FirebaseDBClient.swift in Sources */ = {isa = PBXBuildFile; fileRef = E07996F5272CF34D0000D162 /* FirebaseDBClient.swift */; };
		E07996FD272CF44B0000D162 /* UIButtonExtensions.swift in Sources */ = {isa = PBXBuildFile; fileRef = E07996FC272CF44B0000D162 /* UIButtonExtensions.swift */; };
		E07996FE272CF44B0000D162 /* UIViewController+Alerts.swift in Sources */ = {isa = PBXBuildFile; fileRef = E07996FB272CF44A0000D162 /* UIViewController+Alerts.swift */; };
		E07996FF272CF44B0000D162 /* UITextFieldExtensions.swift in Sources */ = {isa = PBXBuildFile; fileRef = E07996FA272CF44A0000D162 /* UITextFieldExtensions.swift */; };
		E0799702272D02320000D162 /* FirebaseManager.swift in Sources */ = {isa = PBXBuildFile; fileRef = E0799701272D02320000D162 /* FirebaseManager.swift */; };
		E07FF7C5272DB00F00325763 /* UIImageExtensions.swift in Sources */ = {isa = PBXBuildFile; fileRef = E07FF7C4272DB00F00325763 /* UIImageExtensions.swift */; };
		E0C0254B245F8CC200950223 /* User.swift in Sources */ = {isa = PBXBuildFile; fileRef = E0C0254A245F8CC200950223 /* User.swift */; };
		E0D4887C245A708F00ED074A /* ProfileViewController.swift in Sources */ = {isa = PBXBuildFile; fileRef = E0D4887B245A708F00ED074A /* ProfileViewController.swift */; };
		E0FCC718245E9426000BA717 /* EditProfileViewController.swift in Sources */ = {isa = PBXBuildFile; fileRef = E0FCC717245E9426000BA717 /* EditProfileViewController.swift */; };
		FA1116E524598D3C00800C33 /* GoogleService-Info.plist in Resources */ = {isa = PBXBuildFile; fileRef = FA1116E424598D3C00800C33 /* GoogleService-Info.plist */; };
		FA18FCB2245BBC940087C1CC /* Assets.xcassets in Resources */ = {isa = PBXBuildFile; fileRef = FA18FCB1245BBC930087C1CC /* Assets.xcassets */; };
		FA75F72F245445FD00E681F9 /* AppDelegate.swift in Sources */ = {isa = PBXBuildFile; fileRef = FA75F72E245445FD00E681F9 /* AppDelegate.swift */; };
		FA75F731245445FD00E681F9 /* SceneDelegate.swift in Sources */ = {isa = PBXBuildFile; fileRef = FA75F730245445FD00E681F9 /* SceneDelegate.swift */; };
		FA75F733245445FD00E681F9 /* ViewController.swift in Sources */ = {isa = PBXBuildFile; fileRef = FA75F732245445FD00E681F9 /* ViewController.swift */; };
		FA75F736245445FD00E681F9 /* Main.storyboard in Resources */ = {isa = PBXBuildFile; fileRef = FA75F734245445FD00E681F9 /* Main.storyboard */; };
		FA75F73B2454460000E681F9 /* LaunchScreen.storyboard in Resources */ = {isa = PBXBuildFile; fileRef = FA75F7392454460000E681F9 /* LaunchScreen.storyboard */; };
		FA75F7462454460000E681F9 /* playersMeetupTests.swift in Sources */ = {isa = PBXBuildFile; fileRef = FA75F7452454460000E681F9 /* playersMeetupTests.swift */; };
		FA75F7512454460000E681F9 /* playersMeetupUITests.swift in Sources */ = {isa = PBXBuildFile; fileRef = FA75F7502454460000E681F9 /* playersMeetupUITests.swift */; };
		FAB9CBA42455899F00C25C92 /* NetworkService.swift in Sources */ = {isa = PBXBuildFile; fileRef = FAB9CBA32455899F00C25C92 /* NetworkService.swift */; };
		FAB9CBA62455931E00C25C92 /* Models.swift in Sources */ = {isa = PBXBuildFile; fileRef = FAB9CBA52455931E00C25C92 /* Models.swift */; };
		FAB9CBB02455B42300C25C92 /* LocationsViewController.swift in Sources */ = {isa = PBXBuildFile; fileRef = FAB9CBAF2455B42300C25C92 /* LocationsViewController.swift */; };
		FAB9CBB22455C27600C25C92 /* LocationTableViewCell.swift in Sources */ = {isa = PBXBuildFile; fileRef = FAB9CBB12455C27600C25C92 /* LocationTableViewCell.swift */; };
		FAB9CBB42456468800C25C92 /* DetailsViewController.swift in Sources */ = {isa = PBXBuildFile; fileRef = FAB9CBB32456468800C25C92 /* DetailsViewController.swift */; };
		FAFECE3424619DDD005CD8F7 /* Lottie.framework in Frameworks */ = {isa = PBXBuildFile; fileRef = FAFECE3324619DDD005CD8F7 /* Lottie.framework */; };
		FAFECE3B24619F9A005CD8F7 /* 18709-loading.json in Resources */ = {isa = PBXBuildFile; fileRef = FAFECE3A24619F9A005CD8F7 /* 18709-loading.json */; };
/* End PBXBuildFile section */

/* Begin PBXContainerItemProxy section */
		FA75F7422454460000E681F9 /* PBXContainerItemProxy */ = {
			isa = PBXContainerItemProxy;
			containerPortal = FA75F723245445FC00E681F9 /* Project object */;
			proxyType = 1;
			remoteGlobalIDString = FA75F72A245445FC00E681F9;
			remoteInfo = playersMeetup;
		};
		FA75F74D2454460000E681F9 /* PBXContainerItemProxy */ = {
			isa = PBXContainerItemProxy;
			containerPortal = FA75F723245445FC00E681F9 /* Project object */;
			proxyType = 1;
			remoteGlobalIDString = FA75F72A245445FC00E681F9;
			remoteInfo = playersMeetup;
		};
/* End PBXContainerItemProxy section */

/* Begin PBXFileReference section */
		01B77250B17D31733BFDD087 /* Pods-playersMeetup.release.xcconfig */ = {isa = PBXFileReference; includeInIndex = 1; lastKnownFileType = text.xcconfig; name = "Pods-playersMeetup.release.xcconfig"; path = "Target Support Files/Pods-playersMeetup/Pods-playersMeetup.release.xcconfig"; sourceTree = "<group>"; };
		0F1B12EF4AA44AC75206F22A /* Pods-playersMeetupTests.release.xcconfig */ = {isa = PBXFileReference; includeInIndex = 1; lastKnownFileType = text.xcconfig; name = "Pods-playersMeetupTests.release.xcconfig"; path = "Target Support Files/Pods-playersMeetupTests/Pods-playersMeetupTests.release.xcconfig"; sourceTree = "<group>"; };
		519AA36604EF483634BEAFBA /* Pods_playersMeetup.framework */ = {isa = PBXFileReference; explicitFileType = wrapper.framework; includeInIndex = 0; path = Pods_playersMeetup.framework; sourceTree = BUILT_PRODUCTS_DIR; };
		6A4B0F442460871D002F0882 /* TeamChatViewController.swift */ = {isa = PBXFileReference; lastKnownFileType = sourcecode.swift; path = TeamChatViewController.swift; sourceTree = "<group>"; };
		6A4B0F462460872F002F0882 /* MessageCell.swift */ = {isa = PBXFileReference; lastKnownFileType = sourcecode.swift; path = MessageCell.swift; sourceTree = "<group>"; };
		83BED775AA7D7D7E13E3B05A /* Pods-playersMeetup-playersMeetupUITests.debug.xcconfig */ = {isa = PBXFileReference; includeInIndex = 1; lastKnownFileType = text.xcconfig; name = "Pods-playersMeetup-playersMeetupUITests.debug.xcconfig"; path = "Target Support Files/Pods-playersMeetup-playersMeetupUITests/Pods-playersMeetup-playersMeetupUITests.debug.xcconfig"; sourceTree = "<group>"; };
		84583BFA9267C542027E12EA /* Pods_playersMeetup_playersMeetupUITests.framework */ = {isa = PBXFileReference; explicitFileType = wrapper.framework; includeInIndex = 0; path = Pods_playersMeetup_playersMeetupUITests.framework; sourceTree = BUILT_PRODUCTS_DIR; };
		8DCEFA334AE8DBFC5C6A0E1D /* Pods-playersMeetup.debug.xcconfig */ = {isa = PBXFileReference; includeInIndex = 1; lastKnownFileType = text.xcconfig; name = "Pods-playersMeetup.debug.xcconfig"; path = "Target Support Files/Pods-playersMeetup/Pods-playersMeetup.debug.xcconfig"; sourceTree = "<group>"; };
		A2F01B598886C435E774CD96 /* Pods_playersMeetupTests.framework */ = {isa = PBXFileReference; explicitFileType = wrapper.framework; includeInIndex = 0; path = Pods_playersMeetupTests.framework; sourceTree = BUILT_PRODUCTS_DIR; };
		D7948BD21A4ECC0B394960F4 /* Pods-playersMeetupTests.debug.xcconfig */ = {isa = PBXFileReference; includeInIndex = 1; lastKnownFileType = text.xcconfig; name = "Pods-playersMeetupTests.debug.xcconfig"; path = "Target Support Files/Pods-playersMeetupTests/Pods-playersMeetupTests.debug.xcconfig"; sourceTree = "<group>"; };
		DB80848D245687B800177175 /* SignUpViewController.swift */ = {isa = PBXFileReference; lastKnownFileType = sourcecode.swift; path = SignUpViewController.swift; sourceTree = "<group>"; };
		DB80848F2456A06100177175 /* HomeViewController.swift */ = {isa = PBXFileReference; lastKnownFileType = sourcecode.swift; path = HomeViewController.swift; sourceTree = "<group>"; };
		E005B34F24648AE10034DD7C /* 4414-bouncy-basketball.json */ = {isa = PBXFileReference; fileEncoding = 4; lastKnownFileType = text.json; path = "4414-bouncy-basketball.json"; sourceTree = "<group>"; };
		E005B3512464A6810034DD7C /* customTapGestureRecognizer.swift */ = {isa = PBXFileReference; lastKnownFileType = sourcecode.swift; path = customTapGestureRecognizer.swift; sourceTree = "<group>"; };
		E0116CA5245A580900AF7F39 /* .gitignore */ = {isa = PBXFileReference; fileEncoding = 4; lastKnownFileType = text; path = .gitignore; sourceTree = "<group>"; };
		E0554F46274084A700B602C4 /* UIColor+Extensions.swift */ = {isa = PBXFileReference; lastKnownFileType = sourcecode.swift; path = "UIColor+Extensions.swift"; sourceTree = "<group>"; };
		E0554F482740851200B602C4 /* CGFloat+Extensions.swift */ = {isa = PBXFileReference; lastKnownFileType = sourcecode.swift; path = "CGFloat+Extensions.swift"; sourceTree = "<group>"; };
		E05F02902730C81300DDBE33 /* Navigation.swift */ = {isa = PBXFileReference; lastKnownFileType = sourcecode.swift; path = Navigation.swift; sourceTree = "<group>"; };
		E05F0294273110D200DDBE33 /* LottieAnimations.swift */ = {isa = PBXFileReference; lastKnownFileType = sourcecode.swift; path = LottieAnimations.swift; sourceTree = "<group>"; };
		E0788C48272E22930089197D /* ImageError.swift */ = {isa = PBXFileReference; lastKnownFileType = sourcecode.swift; name = ImageError.swift; path = playersMeetup/Errors/ImageError.swift; sourceTree = SOURCE_ROOT; };
		E0788C4A272E3F440089197D /* AuthError.swift */ = {isa = PBXFileReference; lastKnownFileType = sourcecode.swift; path = AuthError.swift; sourceTree = "<group>"; };
		E0788C4D272E8A440089197D /* DatabaseError.swift */ = {isa = PBXFileReference; lastKnownFileType = sourcecode.swift; path = DatabaseError.swift; sourceTree = "<group>"; };
		E07996F4272CF34D0000D162 /* FirebaseAuthClient.swift */ = {isa = PBXFileReference; fileEncoding = 4; lastKnownFileType = sourcecode.swift; path = FirebaseAuthClient.swift; sourceTree = "<group>"; };
		E07996F5272CF34D0000D162 /* FirebaseDBClient.swift */ = {isa = PBXFileReference; fileEncoding = 4; lastKnownFileType = sourcecode.swift; path = FirebaseDBClient.swift; sourceTree = "<group>"; };
		E07996FA272CF44A0000D162 /* UITextFieldExtensions.swift */ = {isa = PBXFileReference; lastKnownFileType = sourcecode.swift; path = UITextFieldExtensions.swift; sourceTree = "<group>"; };
		E07996FB272CF44A0000D162 /* UIViewController+Alerts.swift */ = {isa = PBXFileReference; lastKnownFileType = sourcecode.swift; path = "UIViewController+Alerts.swift"; sourceTree = "<group>"; };
		E07996FC272CF44B0000D162 /* UIButtonExtensions.swift */ = {isa = PBXFileReference; lastKnownFileType = sourcecode.swift; path = UIButtonExtensions.swift; sourceTree = "<group>"; };
		E0799701272D02320000D162 /* FirebaseManager.swift */ = {isa = PBXFileReference; lastKnownFileType = sourcecode.swift; path = FirebaseManager.swift; sourceTree = "<group>"; };
		E07FF7C4272DB00F00325763 /* UIImageExtensions.swift */ = {isa = PBXFileReference; lastKnownFileType = sourcecode.swift; path = UIImageExtensions.swift; sourceTree = "<group>"; };
		E0C0254A245F8CC200950223 /* User.swift */ = {isa = PBXFileReference; lastKnownFileType = sourcecode.swift; path = User.swift; sourceTree = "<group>"; };
		E0D4887B245A708F00ED074A /* ProfileViewController.swift */ = {isa = PBXFileReference; lastKnownFileType = sourcecode.swift; path = ProfileViewController.swift; sourceTree = "<group>"; };
		E0FCC717245E9426000BA717 /* EditProfileViewController.swift */ = {isa = PBXFileReference; lastKnownFileType = sourcecode.swift; path = EditProfileViewController.swift; sourceTree = "<group>"; };
		F70BA2239F897178EA53A9AB /* Pods-playersMeetup-playersMeetupUITests.release.xcconfig */ = {isa = PBXFileReference; includeInIndex = 1; lastKnownFileType = text.xcconfig; name = "Pods-playersMeetup-playersMeetupUITests.release.xcconfig"; path = "Target Support Files/Pods-playersMeetup-playersMeetupUITests/Pods-playersMeetup-playersMeetupUITests.release.xcconfig"; sourceTree = "<group>"; };
		FA1116E424598D3C00800C33 /* GoogleService-Info.plist */ = {isa = PBXFileReference; lastKnownFileType = text.plist; path = "GoogleService-Info.plist"; sourceTree = SOURCE_ROOT; };
		FA18FCB1245BBC930087C1CC /* Assets.xcassets */ = {isa = PBXFileReference; lastKnownFileType = folder.assetcatalog; path = Assets.xcassets; sourceTree = "<group>"; };
		FA75F72B245445FC00E681F9 /* playersMeetup.app */ = {isa = PBXFileReference; explicitFileType = wrapper.application; includeInIndex = 0; path = playersMeetup.app; sourceTree = BUILT_PRODUCTS_DIR; };
		FA75F72E245445FD00E681F9 /* AppDelegate.swift */ = {isa = PBXFileReference; lastKnownFileType = sourcecode.swift; path = AppDelegate.swift; sourceTree = "<group>"; };
		FA75F730245445FD00E681F9 /* SceneDelegate.swift */ = {isa = PBXFileReference; lastKnownFileType = sourcecode.swift; path = SceneDelegate.swift; sourceTree = "<group>"; };
		FA75F732245445FD00E681F9 /* ViewController.swift */ = {isa = PBXFileReference; lastKnownFileType = sourcecode.swift; path = ViewController.swift; sourceTree = "<group>"; };
		FA75F735245445FD00E681F9 /* Base */ = {isa = PBXFileReference; lastKnownFileType = file.storyboard; name = Base; path = Base.lproj/Main.storyboard; sourceTree = "<group>"; };
		FA75F73A2454460000E681F9 /* Base */ = {isa = PBXFileReference; lastKnownFileType = file.storyboard; name = Base; path = Base.lproj/LaunchScreen.storyboard; sourceTree = "<group>"; };
		FA75F73C2454460000E681F9 /* Info.plist */ = {isa = PBXFileReference; lastKnownFileType = text.plist.xml; path = Info.plist; sourceTree = "<group>"; };
		FA75F7412454460000E681F9 /* playersMeetupTests.xctest */ = {isa = PBXFileReference; explicitFileType = wrapper.cfbundle; includeInIndex = 0; path = playersMeetupTests.xctest; sourceTree = BUILT_PRODUCTS_DIR; };
		FA75F7452454460000E681F9 /* playersMeetupTests.swift */ = {isa = PBXFileReference; lastKnownFileType = sourcecode.swift; path = playersMeetupTests.swift; sourceTree = "<group>"; };
		FA75F7472454460000E681F9 /* Info.plist */ = {isa = PBXFileReference; lastKnownFileType = text.plist.xml; path = Info.plist; sourceTree = "<group>"; };
		FA75F74C2454460000E681F9 /* playersMeetupUITests.xctest */ = {isa = PBXFileReference; explicitFileType = wrapper.cfbundle; includeInIndex = 0; path = playersMeetupUITests.xctest; sourceTree = BUILT_PRODUCTS_DIR; };
		FA75F7502454460000E681F9 /* playersMeetupUITests.swift */ = {isa = PBXFileReference; lastKnownFileType = sourcecode.swift; path = playersMeetupUITests.swift; sourceTree = "<group>"; };
		FA75F7522454460000E681F9 /* Info.plist */ = {isa = PBXFileReference; lastKnownFileType = text.plist.xml; path = Info.plist; sourceTree = "<group>"; };
		FAB9CBA32455899F00C25C92 /* NetworkService.swift */ = {isa = PBXFileReference; lastKnownFileType = sourcecode.swift; path = NetworkService.swift; sourceTree = "<group>"; };
		FAB9CBA52455931E00C25C92 /* Models.swift */ = {isa = PBXFileReference; lastKnownFileType = sourcecode.swift; path = Models.swift; sourceTree = "<group>"; };
		FAB9CBAF2455B42300C25C92 /* LocationsViewController.swift */ = {isa = PBXFileReference; lastKnownFileType = sourcecode.swift; path = LocationsViewController.swift; sourceTree = "<group>"; };
		FAB9CBB12455C27600C25C92 /* LocationTableViewCell.swift */ = {isa = PBXFileReference; lastKnownFileType = sourcecode.swift; path = LocationTableViewCell.swift; sourceTree = "<group>"; };
		FAB9CBB32456468800C25C92 /* DetailsViewController.swift */ = {isa = PBXFileReference; lastKnownFileType = sourcecode.swift; path = DetailsViewController.swift; sourceTree = "<group>"; };
		FAFECE3324619DDD005CD8F7 /* Lottie.framework */ = {isa = PBXFileReference; explicitFileType = wrapper.framework; path = Lottie.framework; sourceTree = BUILT_PRODUCTS_DIR; };
		FAFECE3A24619F9A005CD8F7 /* 18709-loading.json */ = {isa = PBXFileReference; fileEncoding = 4; lastKnownFileType = text.json; path = "18709-loading.json"; sourceTree = "<group>"; };
/* End PBXFileReference section */

/* Begin PBXFrameworksBuildPhase section */
		FA75F728245445FC00E681F9 /* Frameworks */ = {
			isa = PBXFrameworksBuildPhase;
			buildActionMask = 2147483647;
			files = (
				FAFECE3424619DDD005CD8F7 /* Lottie.framework in Frameworks */,
				AC322766F959DA60317FF6E7 /* Pods_playersMeetup.framework in Frameworks */,
			);
			runOnlyForDeploymentPostprocessing = 0;
		};
		FA75F73E2454460000E681F9 /* Frameworks */ = {
			isa = PBXFrameworksBuildPhase;
			buildActionMask = 2147483647;
			files = (
				300857F5D2236048230D2D4D /* Pods_playersMeetupTests.framework in Frameworks */,
			);
			runOnlyForDeploymentPostprocessing = 0;
		};
		FA75F7492454460000E681F9 /* Frameworks */ = {
			isa = PBXFrameworksBuildPhase;
			buildActionMask = 2147483647;
			files = (
				DF1BEEFB1CAEEA583ED0F2A6 /* Pods_playersMeetup_playersMeetupUITests.framework in Frameworks */,
			);
			runOnlyForDeploymentPostprocessing = 0;
		};
/* End PBXFrameworksBuildPhase section */

/* Begin PBXGroup section */
		43C439AC45C2A609DC47B2BC /* Pods */ = {
			isa = PBXGroup;
			children = (
				8DCEFA334AE8DBFC5C6A0E1D /* Pods-playersMeetup.debug.xcconfig */,
				01B77250B17D31733BFDD087 /* Pods-playersMeetup.release.xcconfig */,
				83BED775AA7D7D7E13E3B05A /* Pods-playersMeetup-playersMeetupUITests.debug.xcconfig */,
				F70BA2239F897178EA53A9AB /* Pods-playersMeetup-playersMeetupUITests.release.xcconfig */,
				D7948BD21A4ECC0B394960F4 /* Pods-playersMeetupTests.debug.xcconfig */,
				0F1B12EF4AA44AC75206F22A /* Pods-playersMeetupTests.release.xcconfig */,
			);
			path = Pods;
			sourceTree = "<group>";
		};
		4916EA1490E595B78A30CDD3 /* Frameworks */ = {
			isa = PBXGroup;
			children = (
				FAFECE3324619DDD005CD8F7 /* Lottie.framework */,
				519AA36604EF483634BEAFBA /* Pods_playersMeetup.framework */,
				84583BFA9267C542027E12EA /* Pods_playersMeetup_playersMeetupUITests.framework */,
				A2F01B598886C435E774CD96 /* Pods_playersMeetupTests.framework */,
			);
			name = Frameworks;
			sourceTree = "<group>";
		};
		E05F028F2730C80300DDBE33 /* Controllers */ = {
			isa = PBXGroup;
			children = (
				E05F02902730C81300DDBE33 /* Navigation.swift */,
			);
			path = Controllers;
			sourceTree = "<group>";
		};
		E0788C4C272E402B0089197D /* Errors */ = {
			isa = PBXGroup;
			children = (
				E0788C48272E22930089197D /* ImageError.swift */,
				E0788C4A272E3F440089197D /* AuthError.swift */,
				E0788C4D272E8A440089197D /* DatabaseError.swift */,
			);
			path = Errors;
			sourceTree = "<group>";
		};
		E0799700272CF45D0000D162 /* Extensions */ = {
			isa = PBXGroup;
			children = (
				E07996FC272CF44B0000D162 /* UIButtonExtensions.swift */,
				E07996FA272CF44A0000D162 /* UITextFieldExtensions.swift */,
				E07996FB272CF44A0000D162 /* UIViewController+Alerts.swift */,
				E07FF7C4272DB00F00325763 /* UIImageExtensions.swift */,
				E0554F46274084A700B602C4 /* UIColor+Extensions.swift */,
				E0554F482740851200B602C4 /* CGFloat+Extensions.swift */,
			);
			path = Extensions;
			sourceTree = "<group>";
		};
		E0AB2F4924652E0300F4CE49 /* View Controllers */ = {
			isa = PBXGroup;
			children = (
				FA75F732245445FD00E681F9 /* ViewController.swift */,
				FAB9CBAF2455B42300C25C92 /* LocationsViewController.swift */,
				FAB9CBB32456468800C25C92 /* DetailsViewController.swift */,
				DB80848D245687B800177175 /* SignUpViewController.swift */,
				DB80848F2456A06100177175 /* HomeViewController.swift */,
				E0D4887B245A708F00ED074A /* ProfileViewController.swift */,
				E0FCC717245E9426000BA717 /* EditProfileViewController.swift */,
				6A4B0F442460871D002F0882 /* TeamChatViewController.swift */,
			);
			path = "View Controllers";
			sourceTree = "<group>";
		};
		E0AB2F4A24652E2500F4CE49 /* Models */ = {
			isa = PBXGroup;
			children = (
				FAB9CBA52455931E00C25C92 /* Models.swift */,
				E0C0254A245F8CC200950223 /* User.swift */,
			);
			path = Models;
			sourceTree = "<group>";
		};
		E0AB2F4B24652E9300F4CE49 /* Views */ = {
			isa = PBXGroup;
			children = (
				FAB9CBB12455C27600C25C92 /* LocationTableViewCell.swift */,
				6A4B0F462460872F002F0882 /* MessageCell.swift */,
				E005B3512464A6810034DD7C /* customTapGestureRecognizer.swift */,
				E05F0294273110D200DDBE33 /* LottieAnimations.swift */,
			);
			path = Views;
			sourceTree = "<group>";
		};
		E0AB2F4C24652EBB00F4CE49 /* Lottie Animations */ = {
			isa = PBXGroup;
			children = (
				E005B34F24648AE10034DD7C /* 4414-bouncy-basketball.json */,
				FAFECE3A24619F9A005CD8F7 /* 18709-loading.json */,
			);
			path = "Lottie Animations";
			sourceTree = "<group>";
		};
		E0AB2F4D24652F0900F4CE49 /* Networking */ = {
			isa = PBXGroup;
			children = (
				E07996F4272CF34D0000D162 /* FirebaseAuthClient.swift */,
				E07996F5272CF34D0000D162 /* FirebaseDBClient.swift */,
				E0799701272D02320000D162 /* FirebaseManager.swift */,
				FAB9CBA32455899F00C25C92 /* NetworkService.swift */,
			);
			path = Networking;
			sourceTree = "<group>";
		};
		E0AB2F4E24652F2600F4CE49 /* Storyboards */ = {
			isa = PBXGroup;
			children = (
				FA75F734245445FD00E681F9 /* Main.storyboard */,
				FA75F7392454460000E681F9 /* LaunchScreen.storyboard */,
			);
			path = Storyboards;
			sourceTree = "<group>";
		};
		FA75F722245445FC00E681F9 = {
			isa = PBXGroup;
			children = (
				E0116CA5245A580900AF7F39 /* .gitignore */,
				FA75F72D245445FC00E681F9 /* playersMeetup */,
				FA75F7442454460000E681F9 /* playersMeetupTests */,
				FA75F74F2454460000E681F9 /* playersMeetupUITests */,
				FA75F72C245445FC00E681F9 /* Products */,
				43C439AC45C2A609DC47B2BC /* Pods */,
				4916EA1490E595B78A30CDD3 /* Frameworks */,
			);
			sourceTree = "<group>";
		};
		FA75F72C245445FC00E681F9 /* Products */ = {
			isa = PBXGroup;
			children = (
				FA75F72B245445FC00E681F9 /* playersMeetup.app */,
				FA75F7412454460000E681F9 /* playersMeetupTests.xctest */,
				FA75F74C2454460000E681F9 /* playersMeetupUITests.xctest */,
			);
			name = Products;
			sourceTree = "<group>";
		};
		FA75F72D245445FC00E681F9 /* playersMeetup */ = {
			isa = PBXGroup;
			children = (
				E05F028F2730C80300DDBE33 /* Controllers */,
				FA75F72E245445FD00E681F9 /* AppDelegate.swift */,
				FA75F730245445FD00E681F9 /* SceneDelegate.swift */,
				E0799700272CF45D0000D162 /* Extensions */,
				E0AB2F4924652E0300F4CE49 /* View Controllers */,
				E0AB2F4E24652F2600F4CE49 /* Storyboards */,
				E0AB2F4A24652E2500F4CE49 /* Models */,
				E0AB2F4B24652E9300F4CE49 /* Views */,
				E0AB2F4D24652F0900F4CE49 /* Networking */,
				E0788C4C272E402B0089197D /* Errors */,
				FA75F73C2454460000E681F9 /* Info.plist */,
				FA1116E424598D3C00800C33 /* GoogleService-Info.plist */,
				FA18FCB1245BBC930087C1CC /* Assets.xcassets */,
				E0AB2F4C24652EBB00F4CE49 /* Lottie Animations */,
			);
			path = playersMeetup;
			sourceTree = "<group>";
		};
		FA75F7442454460000E681F9 /* playersMeetupTests */ = {
			isa = PBXGroup;
			children = (
				FA75F7452454460000E681F9 /* playersMeetupTests.swift */,
				FA75F7472454460000E681F9 /* Info.plist */,
			);
			path = playersMeetupTests;
			sourceTree = "<group>";
		};
		FA75F74F2454460000E681F9 /* playersMeetupUITests */ = {
			isa = PBXGroup;
			children = (
				FA75F7502454460000E681F9 /* playersMeetupUITests.swift */,
				FA75F7522454460000E681F9 /* Info.plist */,
			);
			path = playersMeetupUITests;
			sourceTree = "<group>";
		};
/* End PBXGroup section */

/* Begin PBXNativeTarget section */
		FA75F72A245445FC00E681F9 /* playersMeetup */ = {
			isa = PBXNativeTarget;
			buildConfigurationList = FA75F7552454460000E681F9 /* Build configuration list for PBXNativeTarget "playersMeetup" */;
			buildPhases = (
				31848291C9F55737238C840E /* [CP] Check Pods Manifest.lock */,
				FA75F727245445FC00E681F9 /* Sources */,
				FA75F728245445FC00E681F9 /* Frameworks */,
				FA75F729245445FC00E681F9 /* Resources */,
				4EFBD2A1EC7FD61ECD40691B /* [CP] Embed Pods Frameworks */,
				024713B5A0155186A2574449 /* [CP] Copy Pods Resources */,
			);
			buildRules = (
			);
			dependencies = (
			);
			name = playersMeetup;
			productName = playersMeetup;
			productReference = FA75F72B245445FC00E681F9 /* playersMeetup.app */;
			productType = "com.apple.product-type.application";
		};
		FA75F7402454460000E681F9 /* playersMeetupTests */ = {
			isa = PBXNativeTarget;
			buildConfigurationList = FA75F7582454460000E681F9 /* Build configuration list for PBXNativeTarget "playersMeetupTests" */;
			buildPhases = (
				362C2DA759997E876A228012 /* [CP] Check Pods Manifest.lock */,
				FA75F73D2454460000E681F9 /* Sources */,
				FA75F73E2454460000E681F9 /* Frameworks */,
				FA75F73F2454460000E681F9 /* Resources */,
			);
			buildRules = (
			);
			dependencies = (
				FA75F7432454460000E681F9 /* PBXTargetDependency */,
			);
			name = playersMeetupTests;
			productName = playersMeetupTests;
			productReference = FA75F7412454460000E681F9 /* playersMeetupTests.xctest */;
			productType = "com.apple.product-type.bundle.unit-test";
		};
		FA75F74B2454460000E681F9 /* playersMeetupUITests */ = {
			isa = PBXNativeTarget;
			buildConfigurationList = FA75F75B2454460000E681F9 /* Build configuration list for PBXNativeTarget "playersMeetupUITests" */;
			buildPhases = (
				0C505ADEECC1560EAD22536B /* [CP] Check Pods Manifest.lock */,
				FA75F7482454460000E681F9 /* Sources */,
				FA75F7492454460000E681F9 /* Frameworks */,
				FA75F74A2454460000E681F9 /* Resources */,
				51CC10ABC33545827BB4592F /* [CP] Embed Pods Frameworks */,
				1F54478780A1BBFCF43C188F /* [CP] Copy Pods Resources */,
			);
			buildRules = (
			);
			dependencies = (
				FA75F74E2454460000E681F9 /* PBXTargetDependency */,
			);
			name = playersMeetupUITests;
			productName = playersMeetupUITests;
			productReference = FA75F74C2454460000E681F9 /* playersMeetupUITests.xctest */;
			productType = "com.apple.product-type.bundle.ui-testing";
		};
/* End PBXNativeTarget section */

/* Begin PBXProject section */
		FA75F723245445FC00E681F9 /* Project object */ = {
			isa = PBXProject;
			attributes = {
				LastSwiftUpdateCheck = 1140;
				LastUpgradeCheck = 1310;
				ORGANIZATIONNAME = "Nada Zeini";
				TargetAttributes = {
					FA75F72A245445FC00E681F9 = {
						CreatedOnToolsVersion = 11.4;
					};
					FA75F7402454460000E681F9 = {
						CreatedOnToolsVersion = 11.4;
						TestTargetID = FA75F72A245445FC00E681F9;
					};
					FA75F74B2454460000E681F9 = {
						CreatedOnToolsVersion = 11.4;
						TestTargetID = FA75F72A245445FC00E681F9;
					};
				};
			};
			buildConfigurationList = FA75F726245445FC00E681F9 /* Build configuration list for PBXProject "playersMeetup" */;
			compatibilityVersion = "Xcode 9.3";
			developmentRegion = en;
			hasScannedForEncodings = 0;
			knownRegions = (
				en,
				Base,
			);
			mainGroup = FA75F722245445FC00E681F9;
			productRefGroup = FA75F72C245445FC00E681F9 /* Products */;
			projectDirPath = "";
			projectRoot = "";
			targets = (
				FA75F72A245445FC00E681F9 /* playersMeetup */,
				FA75F7402454460000E681F9 /* playersMeetupTests */,
				FA75F74B2454460000E681F9 /* playersMeetupUITests */,
			);
		};
/* End PBXProject section */

/* Begin PBXResourcesBuildPhase section */
		FA75F729245445FC00E681F9 /* Resources */ = {
			isa = PBXResourcesBuildPhase;
			buildActionMask = 2147483647;
			files = (
				E0116CA6245A580900AF7F39 /* .gitignore in Resources */,
				FA75F73B2454460000E681F9 /* LaunchScreen.storyboard in Resources */,
				FAFECE3B24619F9A005CD8F7 /* 18709-loading.json in Resources */,
				FA18FCB2245BBC940087C1CC /* Assets.xcassets in Resources */,
				E005B35024648AE10034DD7C /* 4414-bouncy-basketball.json in Resources */,
				FA1116E524598D3C00800C33 /* GoogleService-Info.plist in Resources */,
				FA75F736245445FD00E681F9 /* Main.storyboard in Resources */,
			);
			runOnlyForDeploymentPostprocessing = 0;
		};
		FA75F73F2454460000E681F9 /* Resources */ = {
			isa = PBXResourcesBuildPhase;
			buildActionMask = 2147483647;
			files = (
			);
			runOnlyForDeploymentPostprocessing = 0;
		};
		FA75F74A2454460000E681F9 /* Resources */ = {
			isa = PBXResourcesBuildPhase;
			buildActionMask = 2147483647;
			files = (
			);
			runOnlyForDeploymentPostprocessing = 0;
		};
/* End PBXResourcesBuildPhase section */

/* Begin PBXShellScriptBuildPhase section */
		024713B5A0155186A2574449 /* [CP] Copy Pods Resources */ = {
			isa = PBXShellScriptBuildPhase;
			buildActionMask = 2147483647;
			files = (
			);
			inputFileListPaths = (
				"${PODS_ROOT}/Target Support Files/Pods-playersMeetup/Pods-playersMeetup-resources-${CONFIGURATION}-input-files.xcfilelist",
			);
			name = "[CP] Copy Pods Resources";
			outputFileListPaths = (
				"${PODS_ROOT}/Target Support Files/Pods-playersMeetup/Pods-playersMeetup-resources-${CONFIGURATION}-output-files.xcfilelist",
			);
			runOnlyForDeploymentPostprocessing = 0;
			shellPath = /bin/sh;
			shellScript = "\"${PODS_ROOT}/Target Support Files/Pods-playersMeetup/Pods-playersMeetup-resources.sh\"\n";
			showEnvVarsInLog = 0;
		};
		0C505ADEECC1560EAD22536B /* [CP] Check Pods Manifest.lock */ = {
			isa = PBXShellScriptBuildPhase;
			buildActionMask = 2147483647;
			files = (
			);
			inputFileListPaths = (
			);
			inputPaths = (
				"${PODS_PODFILE_DIR_PATH}/Podfile.lock",
				"${PODS_ROOT}/Manifest.lock",
			);
			name = "[CP] Check Pods Manifest.lock";
			outputFileListPaths = (
			);
			outputPaths = (
				"$(DERIVED_FILE_DIR)/Pods-playersMeetup-playersMeetupUITests-checkManifestLockResult.txt",
			);
			runOnlyForDeploymentPostprocessing = 0;
			shellPath = /bin/sh;
			shellScript = "diff \"${PODS_PODFILE_DIR_PATH}/Podfile.lock\" \"${PODS_ROOT}/Manifest.lock\" > /dev/null\nif [ $? != 0 ] ; then\n    # print error to STDERR\n    echo \"error: The sandbox is not in sync with the Podfile.lock. Run 'pod install' or update your CocoaPods installation.\" >&2\n    exit 1\nfi\n# This output is used by Xcode 'outputs' to avoid re-running this script phase.\necho \"SUCCESS\" > \"${SCRIPT_OUTPUT_FILE_0}\"\n";
			showEnvVarsInLog = 0;
		};
		1F54478780A1BBFCF43C188F /* [CP] Copy Pods Resources */ = {
			isa = PBXShellScriptBuildPhase;
			buildActionMask = 2147483647;
			files = (
			);
			inputFileListPaths = (
				"${PODS_ROOT}/Target Support Files/Pods-playersMeetup-playersMeetupUITests/Pods-playersMeetup-playersMeetupUITests-resources-${CONFIGURATION}-input-files.xcfilelist",
			);
			name = "[CP] Copy Pods Resources";
			outputFileListPaths = (
				"${PODS_ROOT}/Target Support Files/Pods-playersMeetup-playersMeetupUITests/Pods-playersMeetup-playersMeetupUITests-resources-${CONFIGURATION}-output-files.xcfilelist",
			);
			runOnlyForDeploymentPostprocessing = 0;
			shellPath = /bin/sh;
			shellScript = "\"${PODS_ROOT}/Target Support Files/Pods-playersMeetup-playersMeetupUITests/Pods-playersMeetup-playersMeetupUITests-resources.sh\"\n";
			showEnvVarsInLog = 0;
		};
		31848291C9F55737238C840E /* [CP] Check Pods Manifest.lock */ = {
			isa = PBXShellScriptBuildPhase;
			buildActionMask = 2147483647;
			files = (
			);
			inputFileListPaths = (
			);
			inputPaths = (
				"${PODS_PODFILE_DIR_PATH}/Podfile.lock",
				"${PODS_ROOT}/Manifest.lock",
			);
			name = "[CP] Check Pods Manifest.lock";
			outputFileListPaths = (
			);
			outputPaths = (
				"$(DERIVED_FILE_DIR)/Pods-playersMeetup-checkManifestLockResult.txt",
			);
			runOnlyForDeploymentPostprocessing = 0;
			shellPath = /bin/sh;
			shellScript = "diff \"${PODS_PODFILE_DIR_PATH}/Podfile.lock\" \"${PODS_ROOT}/Manifest.lock\" > /dev/null\nif [ $? != 0 ] ; then\n    # print error to STDERR\n    echo \"error: The sandbox is not in sync with the Podfile.lock. Run 'pod install' or update your CocoaPods installation.\" >&2\n    exit 1\nfi\n# This output is used by Xcode 'outputs' to avoid re-running this script phase.\necho \"SUCCESS\" > \"${SCRIPT_OUTPUT_FILE_0}\"\n";
			showEnvVarsInLog = 0;
		};
		362C2DA759997E876A228012 /* [CP] Check Pods Manifest.lock */ = {
			isa = PBXShellScriptBuildPhase;
			buildActionMask = 2147483647;
			files = (
			);
			inputFileListPaths = (
			);
			inputPaths = (
				"${PODS_PODFILE_DIR_PATH}/Podfile.lock",
				"${PODS_ROOT}/Manifest.lock",
			);
			name = "[CP] Check Pods Manifest.lock";
			outputFileListPaths = (
			);
			outputPaths = (
				"$(DERIVED_FILE_DIR)/Pods-playersMeetupTests-checkManifestLockResult.txt",
			);
			runOnlyForDeploymentPostprocessing = 0;
			shellPath = /bin/sh;
			shellScript = "diff \"${PODS_PODFILE_DIR_PATH}/Podfile.lock\" \"${PODS_ROOT}/Manifest.lock\" > /dev/null\nif [ $? != 0 ] ; then\n    # print error to STDERR\n    echo \"error: The sandbox is not in sync with the Podfile.lock. Run 'pod install' or update your CocoaPods installation.\" >&2\n    exit 1\nfi\n# This output is used by Xcode 'outputs' to avoid re-running this script phase.\necho \"SUCCESS\" > \"${SCRIPT_OUTPUT_FILE_0}\"\n";
			showEnvVarsInLog = 0;
		};
		4EFBD2A1EC7FD61ECD40691B /* [CP] Embed Pods Frameworks */ = {
			isa = PBXShellScriptBuildPhase;
			buildActionMask = 2147483647;
			files = (
			);
			inputFileListPaths = (
				"${PODS_ROOT}/Target Support Files/Pods-playersMeetup/Pods-playersMeetup-frameworks-${CONFIGURATION}-input-files.xcfilelist",
			);
			name = "[CP] Embed Pods Frameworks";
			outputFileListPaths = (
				"${PODS_ROOT}/Target Support Files/Pods-playersMeetup/Pods-playersMeetup-frameworks-${CONFIGURATION}-output-files.xcfilelist",
			);
			runOnlyForDeploymentPostprocessing = 0;
			shellPath = /bin/sh;
			shellScript = "\"${PODS_ROOT}/Target Support Files/Pods-playersMeetup/Pods-playersMeetup-frameworks.sh\"\n";
			showEnvVarsInLog = 0;
		};
		51CC10ABC33545827BB4592F /* [CP] Embed Pods Frameworks */ = {
			isa = PBXShellScriptBuildPhase;
			buildActionMask = 2147483647;
			files = (
			);
			inputFileListPaths = (
				"${PODS_ROOT}/Target Support Files/Pods-playersMeetup-playersMeetupUITests/Pods-playersMeetup-playersMeetupUITests-frameworks-${CONFIGURATION}-input-files.xcfilelist",
			);
			name = "[CP] Embed Pods Frameworks";
			outputFileListPaths = (
				"${PODS_ROOT}/Target Support Files/Pods-playersMeetup-playersMeetupUITests/Pods-playersMeetup-playersMeetupUITests-frameworks-${CONFIGURATION}-output-files.xcfilelist",
			);
			runOnlyForDeploymentPostprocessing = 0;
			shellPath = /bin/sh;
			shellScript = "\"${PODS_ROOT}/Target Support Files/Pods-playersMeetup-playersMeetupUITests/Pods-playersMeetup-playersMeetupUITests-frameworks.sh\"\n";
			showEnvVarsInLog = 0;
		};
/* End PBXShellScriptBuildPhase section */

/* Begin PBXSourcesBuildPhase section */
		FA75F727245445FC00E681F9 /* Sources */ = {
			isa = PBXSourcesBuildPhase;
			buildActionMask = 2147483647;
			files = (
				E0C0254B245F8CC200950223 /* User.swift in Sources */,
				E0554F47274084A700B602C4 /* UIColor+Extensions.swift in Sources */,
				FA75F733245445FD00E681F9 /* ViewController.swift in Sources */,
				FAB9CBB22455C27600C25C92 /* LocationTableViewCell.swift in Sources */,
				DB80848E245687B800177175 /* SignUpViewController.swift in Sources */,
				E0799702272D02320000D162 /* FirebaseManager.swift in Sources */,
				FA75F72F245445FD00E681F9 /* AppDelegate.swift in Sources */,
				E0FCC718245E9426000BA717 /* EditProfileViewController.swift in Sources */,
				E07FF7C5272DB00F00325763 /* UIImageExtensions.swift in Sources */,
				E0788C49272E22930089197D /* ImageError.swift in Sources */,
				E0788C4B272E3F440089197D /* AuthError.swift in Sources */,
				FAB9CBB42456468800C25C92 /* DetailsViewController.swift in Sources */,
				FA75F731245445FD00E681F9 /* SceneDelegate.swift in Sources */,
				DB8084902456A06100177175 /* HomeViewController.swift in Sources */,
				FAB9CBA42455899F00C25C92 /* NetworkService.swift in Sources */,
				E0554F492740851200B602C4 /* CGFloat+Extensions.swift in Sources */,
				E07996F7272CF34D0000D162 /* FirebaseDBClient.swift in Sources */,
				E0D4887C245A708F00ED074A /* ProfileViewController.swift in Sources */,
				E07996FF272CF44B0000D162 /* UITextFieldExtensions.swift in Sources */,
				E07996FE272CF44B0000D162 /* UIViewController+Alerts.swift in Sources */,
				E07996F6272CF34D0000D162 /* FirebaseAuthClient.swift in Sources */,
				E05F0295273110D200DDBE33 /* LottieAnimations.swift in Sources */,
				6A4B0F472460872F002F0882 /* MessageCell.swift in Sources */,
				E07996FD272CF44B0000D162 /* UIButtonExtensions.swift in Sources */,
				FAB9CBA62455931E00C25C92 /* Models.swift in Sources */,
				FAB9CBB02455B42300C25C92 /* LocationsViewController.swift in Sources */,
				6A4B0F452460871D002F0882 /* TeamChatViewController.swift in Sources */,
				E05F02912730C81300DDBE33 /* Navigation.swift in Sources */,
				E005B3522464A6810034DD7C /* customTapGestureRecognizer.swift in Sources */,
				E0788C4E272E8A440089197D /* DatabaseError.swift in Sources */,
			);
			runOnlyForDeploymentPostprocessing = 0;
		};
		FA75F73D2454460000E681F9 /* Sources */ = {
			isa = PBXSourcesBuildPhase;
			buildActionMask = 2147483647;
			files = (
				FA75F7462454460000E681F9 /* playersMeetupTests.swift in Sources */,
			);
			runOnlyForDeploymentPostprocessing = 0;
		};
		FA75F7482454460000E681F9 /* Sources */ = {
			isa = PBXSourcesBuildPhase;
			buildActionMask = 2147483647;
			files = (
				FA75F7512454460000E681F9 /* playersMeetupUITests.swift in Sources */,
			);
			runOnlyForDeploymentPostprocessing = 0;
		};
/* End PBXSourcesBuildPhase section */

/* Begin PBXTargetDependency section */
		FA75F7432454460000E681F9 /* PBXTargetDependency */ = {
			isa = PBXTargetDependency;
			target = FA75F72A245445FC00E681F9 /* playersMeetup */;
			targetProxy = FA75F7422454460000E681F9 /* PBXContainerItemProxy */;
		};
		FA75F74E2454460000E681F9 /* PBXTargetDependency */ = {
			isa = PBXTargetDependency;
			target = FA75F72A245445FC00E681F9 /* playersMeetup */;
			targetProxy = FA75F74D2454460000E681F9 /* PBXContainerItemProxy */;
		};
/* End PBXTargetDependency section */

/* Begin PBXVariantGroup section */
		FA75F734245445FD00E681F9 /* Main.storyboard */ = {
			isa = PBXVariantGroup;
			children = (
				FA75F735245445FD00E681F9 /* Base */,
			);
			name = Main.storyboard;
			sourceTree = "<group>";
		};
		FA75F7392454460000E681F9 /* LaunchScreen.storyboard */ = {
			isa = PBXVariantGroup;
			children = (
				FA75F73A2454460000E681F9 /* Base */,
			);
			name = LaunchScreen.storyboard;
			sourceTree = "<group>";
		};
/* End PBXVariantGroup section */

/* Begin XCBuildConfiguration section */
		FA75F7532454460000E681F9 /* Debug */ = {
			isa = XCBuildConfiguration;
			buildSettings = {
				ALWAYS_SEARCH_USER_PATHS = NO;
				CLANG_ANALYZER_NONNULL = YES;
				CLANG_ANALYZER_NUMBER_OBJECT_CONVERSION = YES_AGGRESSIVE;
				CLANG_CXX_LANGUAGE_STANDARD = "gnu++14";
				CLANG_CXX_LIBRARY = "libc++";
				CLANG_ENABLE_MODULES = YES;
				CLANG_ENABLE_OBJC_ARC = YES;
				CLANG_ENABLE_OBJC_WEAK = YES;
				CLANG_WARN_BLOCK_CAPTURE_AUTORELEASING = YES;
				CLANG_WARN_BOOL_CONVERSION = YES;
				CLANG_WARN_COMMA = YES;
				CLANG_WARN_CONSTANT_CONVERSION = YES;
				CLANG_WARN_DEPRECATED_OBJC_IMPLEMENTATIONS = YES;
				CLANG_WARN_DIRECT_OBJC_ISA_USAGE = YES_ERROR;
				CLANG_WARN_DOCUMENTATION_COMMENTS = YES;
				CLANG_WARN_EMPTY_BODY = YES;
				CLANG_WARN_ENUM_CONVERSION = YES;
				CLANG_WARN_INFINITE_RECURSION = YES;
				CLANG_WARN_INT_CONVERSION = YES;
				CLANG_WARN_NON_LITERAL_NULL_CONVERSION = YES;
				CLANG_WARN_OBJC_IMPLICIT_RETAIN_SELF = YES;
				CLANG_WARN_OBJC_LITERAL_CONVERSION = YES;
				CLANG_WARN_OBJC_ROOT_CLASS = YES_ERROR;
				CLANG_WARN_QUOTED_INCLUDE_IN_FRAMEWORK_HEADER = YES;
				CLANG_WARN_RANGE_LOOP_ANALYSIS = YES;
				CLANG_WARN_STRICT_PROTOTYPES = YES;
				CLANG_WARN_SUSPICIOUS_MOVE = YES;
				CLANG_WARN_UNGUARDED_AVAILABILITY = YES_AGGRESSIVE;
				CLANG_WARN_UNREACHABLE_CODE = YES;
				CLANG_WARN__DUPLICATE_METHOD_MATCH = YES;
				COPY_PHASE_STRIP = NO;
				DEBUG_INFORMATION_FORMAT = dwarf;
				ENABLE_STRICT_OBJC_MSGSEND = YES;
				ENABLE_TESTABILITY = YES;
				GCC_C_LANGUAGE_STANDARD = gnu11;
				GCC_DYNAMIC_NO_PIC = NO;
				GCC_NO_COMMON_BLOCKS = YES;
				GCC_OPTIMIZATION_LEVEL = 0;
				GCC_PREPROCESSOR_DEFINITIONS = (
					"DEBUG=1",
					"$(inherited)",
				);
				GCC_WARN_64_TO_32_BIT_CONVERSION = YES;
				GCC_WARN_ABOUT_RETURN_TYPE = YES_ERROR;
				GCC_WARN_UNDECLARED_SELECTOR = YES;
				GCC_WARN_UNINITIALIZED_AUTOS = YES_AGGRESSIVE;
				GCC_WARN_UNUSED_FUNCTION = YES;
				GCC_WARN_UNUSED_VARIABLE = YES;
				IPHONEOS_DEPLOYMENT_TARGET = 13.4;
				MTL_ENABLE_DEBUG_INFO = INCLUDE_SOURCE;
				MTL_FAST_MATH = YES;
				ONLY_ACTIVE_ARCH = YES;
				SDKROOT = iphoneos;
				SWIFT_ACTIVE_COMPILATION_CONDITIONS = DEBUG;
				SWIFT_OPTIMIZATION_LEVEL = "-Onone";
			};
			name = Debug;
		};
		FA75F7542454460000E681F9 /* Release */ = {
			isa = XCBuildConfiguration;
			buildSettings = {
				ALWAYS_SEARCH_USER_PATHS = NO;
				CLANG_ANALYZER_NONNULL = YES;
				CLANG_ANALYZER_NUMBER_OBJECT_CONVERSION = YES_AGGRESSIVE;
				CLANG_CXX_LANGUAGE_STANDARD = "gnu++14";
				CLANG_CXX_LIBRARY = "libc++";
				CLANG_ENABLE_MODULES = YES;
				CLANG_ENABLE_OBJC_ARC = YES;
				CLANG_ENABLE_OBJC_WEAK = YES;
				CLANG_WARN_BLOCK_CAPTURE_AUTORELEASING = YES;
				CLANG_WARN_BOOL_CONVERSION = YES;
				CLANG_WARN_COMMA = YES;
				CLANG_WARN_CONSTANT_CONVERSION = YES;
				CLANG_WARN_DEPRECATED_OBJC_IMPLEMENTATIONS = YES;
				CLANG_WARN_DIRECT_OBJC_ISA_USAGE = YES_ERROR;
				CLANG_WARN_DOCUMENTATION_COMMENTS = YES;
				CLANG_WARN_EMPTY_BODY = YES;
				CLANG_WARN_ENUM_CONVERSION = YES;
				CLANG_WARN_INFINITE_RECURSION = YES;
				CLANG_WARN_INT_CONVERSION = YES;
				CLANG_WARN_NON_LITERAL_NULL_CONVERSION = YES;
				CLANG_WARN_OBJC_IMPLICIT_RETAIN_SELF = YES;
				CLANG_WARN_OBJC_LITERAL_CONVERSION = YES;
				CLANG_WARN_OBJC_ROOT_CLASS = YES_ERROR;
				CLANG_WARN_QUOTED_INCLUDE_IN_FRAMEWORK_HEADER = YES;
				CLANG_WARN_RANGE_LOOP_ANALYSIS = YES;
				CLANG_WARN_STRICT_PROTOTYPES = YES;
				CLANG_WARN_SUSPICIOUS_MOVE = YES;
				CLANG_WARN_UNGUARDED_AVAILABILITY = YES_AGGRESSIVE;
				CLANG_WARN_UNREACHABLE_CODE = YES;
				CLANG_WARN__DUPLICATE_METHOD_MATCH = YES;
				COPY_PHASE_STRIP = NO;
				DEBUG_INFORMATION_FORMAT = "dwarf-with-dsym";
				ENABLE_NS_ASSERTIONS = NO;
				ENABLE_STRICT_OBJC_MSGSEND = YES;
				GCC_C_LANGUAGE_STANDARD = gnu11;
				GCC_NO_COMMON_BLOCKS = YES;
				GCC_WARN_64_TO_32_BIT_CONVERSION = YES;
				GCC_WARN_ABOUT_RETURN_TYPE = YES_ERROR;
				GCC_WARN_UNDECLARED_SELECTOR = YES;
				GCC_WARN_UNINITIALIZED_AUTOS = YES_AGGRESSIVE;
				GCC_WARN_UNUSED_FUNCTION = YES;
				GCC_WARN_UNUSED_VARIABLE = YES;
				IPHONEOS_DEPLOYMENT_TARGET = 13.4;
				MTL_ENABLE_DEBUG_INFO = NO;
				MTL_FAST_MATH = YES;
				SDKROOT = iphoneos;
				SWIFT_COMPILATION_MODE = wholemodule;
				SWIFT_OPTIMIZATION_LEVEL = "-O";
				VALIDATE_PRODUCT = YES;
			};
			name = Release;
		};
		FA75F7562454460000E681F9 /* Debug */ = {
			isa = XCBuildConfiguration;
			baseConfigurationReference = 8DCEFA334AE8DBFC5C6A0E1D /* Pods-playersMeetup.debug.xcconfig */;
			buildSettings = {
				ASSETCATALOG_COMPILER_APPICON_NAME = AppIcon;
				CODE_SIGN_STYLE = Automatic;
				DEVELOPMENT_TEAM = BZSTQ3T72Y;
				INFOPLIST_FILE = playersMeetup/Info.plist;
				IPHONEOS_DEPLOYMENT_TARGET = 13.3;
				LD_RUNPATH_SEARCH_PATHS = (
					"$(inherited)",
					"@executable_path/Frameworks",
				);
				PRODUCT_BUNDLE_IDENTIFIER = com.NadaZeini.playersMeetup;
				PRODUCT_NAME = "$(TARGET_NAME)";
				SWIFT_VERSION = 5.0;
				TARGETED_DEVICE_FAMILY = "1,2";
			};
			name = Debug;
		};
		FA75F7572454460000E681F9 /* Release */ = {
			isa = XCBuildConfiguration;
			baseConfigurationReference = 01B77250B17D31733BFDD087 /* Pods-playersMeetup.release.xcconfig */;
			buildSettings = {
				ASSETCATALOG_COMPILER_APPICON_NAME = AppIcon;
				CODE_SIGN_STYLE = Automatic;
				DEVELOPMENT_TEAM = BZSTQ3T72Y;
				INFOPLIST_FILE = playersMeetup/Info.plist;
				IPHONEOS_DEPLOYMENT_TARGET = 13.3;
				LD_RUNPATH_SEARCH_PATHS = (
					"$(inherited)",
					"@executable_path/Frameworks",
				);
				PRODUCT_BUNDLE_IDENTIFIER = com.NadaZeini.playersMeetup;
				PRODUCT_NAME = "$(TARGET_NAME)";
				SWIFT_VERSION = 5.0;
				TARGETED_DEVICE_FAMILY = "1,2";
			};
			name = Release;
		};
		FA75F7592454460000E681F9 /* Debug */ = {
			isa = XCBuildConfiguration;
			baseConfigurationReference = D7948BD21A4ECC0B394960F4 /* Pods-playersMeetupTests.debug.xcconfig */;
			buildSettings = {
				ALWAYS_EMBED_SWIFT_STANDARD_LIBRARIES = YES;
				BUNDLE_LOADER = "$(TEST_HOST)";
				CODE_SIGN_STYLE = Automatic;
				DEVELOPMENT_TEAM = 8YJ5XVX3PL;
				INFOPLIST_FILE = playersMeetupTests/Info.plist;
				IPHONEOS_DEPLOYMENT_TARGET = 13.4;
				LD_RUNPATH_SEARCH_PATHS = (
					"$(inherited)",
					"@executable_path/Frameworks",
					"@loader_path/Frameworks",
				);
				PRODUCT_BUNDLE_IDENTIFIER = com.NadaZeini.playersMeetupTests;
				PRODUCT_NAME = "$(TARGET_NAME)";
				SWIFT_VERSION = 5.0;
				TARGETED_DEVICE_FAMILY = "1,2";
				TEST_HOST = "$(BUILT_PRODUCTS_DIR)/playersMeetup.app/playersMeetup";
			};
			name = Debug;
		};
		FA75F75A2454460000E681F9 /* Release */ = {
			isa = XCBuildConfiguration;
			baseConfigurationReference = 0F1B12EF4AA44AC75206F22A /* Pods-playersMeetupTests.release.xcconfig */;
			buildSettings = {
				ALWAYS_EMBED_SWIFT_STANDARD_LIBRARIES = YES;
				BUNDLE_LOADER = "$(TEST_HOST)";
				CODE_SIGN_STYLE = Automatic;
				DEVELOPMENT_TEAM = 8YJ5XVX3PL;
				INFOPLIST_FILE = playersMeetupTests/Info.plist;
				IPHONEOS_DEPLOYMENT_TARGET = 13.4;
				LD_RUNPATH_SEARCH_PATHS = (
					"$(inherited)",
					"@executable_path/Frameworks",
					"@loader_path/Frameworks",
				);
				PRODUCT_BUNDLE_IDENTIFIER = com.NadaZeini.playersMeetupTests;
				PRODUCT_NAME = "$(TARGET_NAME)";
				SWIFT_VERSION = 5.0;
				TARGETED_DEVICE_FAMILY = "1,2";
				TEST_HOST = "$(BUILT_PRODUCTS_DIR)/playersMeetup.app/playersMeetup";
			};
			name = Release;
		};
		FA75F75C2454460000E681F9 /* Debug */ = {
			isa = XCBuildConfiguration;
			baseConfigurationReference = 83BED775AA7D7D7E13E3B05A /* Pods-playersMeetup-playersMeetupUITests.debug.xcconfig */;
			buildSettings = {
				ALWAYS_EMBED_SWIFT_STANDARD_LIBRARIES = YES;
				CODE_SIGN_STYLE = Automatic;
				DEVELOPMENT_TEAM = 8YJ5XVX3PL;
				INFOPLIST_FILE = playersMeetupUITests/Info.plist;
				LD_RUNPATH_SEARCH_PATHS = (
					"$(inherited)",
					"@executable_path/Frameworks",
					"@loader_path/Frameworks",
				);
				PRODUCT_BUNDLE_IDENTIFIER = com.NadaZeini.playersMeetupUITests;
				PRODUCT_NAME = "$(TARGET_NAME)";
				SWIFT_VERSION = 5.0;
				TARGETED_DEVICE_FAMILY = "1,2";
				TEST_TARGET_NAME = playersMeetup;
			};
			name = Debug;
		};
		FA75F75D2454460000E681F9 /* Release */ = {
			isa = XCBuildConfiguration;
			baseConfigurationReference = F70BA2239F897178EA53A9AB /* Pods-playersMeetup-playersMeetupUITests.release.xcconfig */;
			buildSettings = {
				ALWAYS_EMBED_SWIFT_STANDARD_LIBRARIES = YES;
				CODE_SIGN_STYLE = Automatic;
				DEVELOPMENT_TEAM = 8YJ5XVX3PL;
				INFOPLIST_FILE = playersMeetupUITests/Info.plist;
				LD_RUNPATH_SEARCH_PATHS = (
					"$(inherited)",
					"@executable_path/Frameworks",
					"@loader_path/Frameworks",
				);
				PRODUCT_BUNDLE_IDENTIFIER = com.NadaZeini.playersMeetupUITests;
				PRODUCT_NAME = "$(TARGET_NAME)";
				SWIFT_VERSION = 5.0;
				TARGETED_DEVICE_FAMILY = "1,2";
				TEST_TARGET_NAME = playersMeetup;
			};
			name = Release;
		};
/* End XCBuildConfiguration section */

/* Begin XCConfigurationList section */
		FA75F726245445FC00E681F9 /* Build configuration list for PBXProject "playersMeetup" */ = {
			isa = XCConfigurationList;
			buildConfigurations = (
				FA75F7532454460000E681F9 /* Debug */,
				FA75F7542454460000E681F9 /* Release */,
			);
			defaultConfigurationIsVisible = 0;
			defaultConfigurationName = Release;
		};
		FA75F7552454460000E681F9 /* Build configuration list for PBXNativeTarget "playersMeetup" */ = {
			isa = XCConfigurationList;
			buildConfigurations = (
				FA75F7562454460000E681F9 /* Debug */,
				FA75F7572454460000E681F9 /* Release */,
			);
			defaultConfigurationIsVisible = 0;
			defaultConfigurationName = Release;
		};
		FA75F7582454460000E681F9 /* Build configuration list for PBXNativeTarget "playersMeetupTests" */ = {
			isa = XCConfigurationList;
			buildConfigurations = (
				FA75F7592454460000E681F9 /* Debug */,
				FA75F75A2454460000E681F9 /* Release */,
			);
			defaultConfigurationIsVisible = 0;
			defaultConfigurationName = Release;
		};
		FA75F75B2454460000E681F9 /* Build configuration list for PBXNativeTarget "playersMeetupUITests" */ = {
			isa = XCConfigurationList;
			buildConfigurations = (
				FA75F75C2454460000E681F9 /* Debug */,
				FA75F75D2454460000E681F9 /* Release */,
			);
			defaultConfigurationIsVisible = 0;
			defaultConfigurationName = Release;
		};
/* End XCConfigurationList section */
	};
	rootObject = FA75F723245445FC00E681F9 /* Project object */;
}
